{
  "version": 4,
  "terraform_version": "0.12.6",
  "serial": 50,
  "lineage": "aa9c8869-dfd6-7726-4da3-d145f384a610",
  "outputs": {},
  "resources": [
    {
      "mode": "data",
      "type": "google_container_engine_versions",
      "name": "container_engine_versions_staging",
      "provider": "provider.google",
      "instances": [
        {
          "schema_version": 0,
          "attributes": {
            "default_cluster_version": "1.12.8-gke.10",
            "id": "2019-08-16 14:23:02.48474 +0000 UTC",
            "latest_master_version": "1.13.7-gke.19",
            "latest_node_version": "1.13.7-gke.19",
            "location": "us-central1-b",
            "project": null,
            "region": null,
            "valid_master_versions": [
              "1.13.7-gke.19",
              "1.13.7-gke.8",
              "1.13.6-gke.13"
            ],
            "valid_node_versions": [
              "1.13.7-gke.19",
              "1.13.7-gke.15",
              "1.13.7-gke.8",
              "1.13.7-gke.0",
              "1.13.6-gke.13",
              "1.13.6-gke.6",
              "1.13.6-gke.5",
              "1.13.6-gke.0",
              "1.13.5-gke.10"
            ],
            "version_prefix": "1.13.",
            "zone": null
          }
        }
      ]
    },
    {
      "mode": "managed",
      "type": "google_compute_global_address",
      "name": "ip_address_staging",
      "provider": "provider.google",
      "instances": [
        {
          "schema_version": 0,
          "attributes": {
            "address": "34.96.95.14",
            "address_type": "EXTERNAL",
            "creation_timestamp": "2019-08-15T13:15:57.224-07:00",
            "description": "",
            "id": "staging",
            "ip_version": "",
            "name": "staging",
            "network": "",
            "prefix_length": 0,
            "project": "lehmann-tech",
            "purpose": "",
            "self_link": "https://www.googleapis.com/compute/v1/projects/lehmann-tech/global/addresses/staging",
            "timeouts": null
          },
          "private": "eyJlMmJmYjczMC1lY2FhLTExZTYtOGY4OC0zNDM2M2JjN2M0YzAiOnsiY3JlYXRlIjoyNDAwMDAwMDAwMDAsImRlbGV0ZSI6MjQwMDAwMDAwMDAwfX0="
        }
      ]
    },
    {
      "mode": "managed",
      "type": "google_compute_network",
      "name": "dev_vpc_network",
      "provider": "provider.google",
      "instances": [
        {
          "schema_version": 0,
          "attributes": {
            "auto_create_subnetworks": true,
            "delete_default_routes_on_create": false,
            "description": "",
            "gateway_ipv4": "",
            "id": "dev",
            "ipv4_range": "",
            "name": "dev",
            "project": "lehmann-tech",
            "routing_mode": "REGIONAL",
            "self_link": "https://www.googleapis.com/compute/v1/projects/lehmann-tech/global/networks/dev",
            "timeouts": null
          },
          "private": "eyJlMmJmYjczMC1lY2FhLTExZTYtOGY4OC0zNDM2M2JjN2M0YzAiOnsiY3JlYXRlIjoyNDAwMDAwMDAwMDAsImRlbGV0ZSI6MjQwMDAwMDAwMDAwLCJ1cGRhdGUiOjI0MDAwMDAwMDAwMH19"
        }
      ]
    },
    {
      "mode": "managed",
      "type": "google_compute_network",
      "name": "staging_vpc_network",
      "provider": "provider.google",
      "instances": [
        {
          "schema_version": 0,
          "attributes": {
            "auto_create_subnetworks": true,
            "delete_default_routes_on_create": false,
            "description": "",
            "gateway_ipv4": "",
            "id": "staging",
            "ipv4_range": "",
            "name": "staging",
            "project": "lehmann-tech",
            "routing_mode": "REGIONAL",
            "self_link": "https://www.googleapis.com/compute/v1/projects/lehmann-tech/global/networks/staging",
            "timeouts": null
          },
          "private": "eyJlMmJmYjczMC1lY2FhLTExZTYtOGY4OC0zNDM2M2JjN2M0YzAiOnsiY3JlYXRlIjoyNDAwMDAwMDAwMDAsImRlbGV0ZSI6MjQwMDAwMDAwMDAwLCJ1cGRhdGUiOjI0MDAwMDAwMDAwMH19"
        }
      ]
    },
    {
      "mode": "managed",
      "type": "google_compute_ssl_policy",
      "name": "ssl_policy",
      "provider": "provider.google",
      "instances": [
        {
          "schema_version": 0,
          "attributes": {
            "creation_timestamp": "2019-08-16T03:42:07.775-07:00",
            "custom_features": [],
            "description": "",
            "enabled_features": [
              "TLS_ECDHE_ECDSA_WITH_AES_128_CBC_SHA",
              "TLS_ECDHE_ECDSA_WITH_AES_128_GCM_SHA256",
              "TLS_ECDHE_ECDSA_WITH_AES_256_CBC_SHA",
              "TLS_ECDHE_ECDSA_WITH_AES_256_GCM_SHA384",
              "TLS_ECDHE_ECDSA_WITH_CHACHA20_POLY1305_SHA256",
              "TLS_ECDHE_RSA_WITH_AES_128_CBC_SHA",
              "TLS_ECDHE_RSA_WITH_AES_128_GCM_SHA256",
              "TLS_ECDHE_RSA_WITH_AES_256_CBC_SHA",
              "TLS_ECDHE_RSA_WITH_AES_256_GCM_SHA384",
              "TLS_ECDHE_RSA_WITH_CHACHA20_POLY1305_SHA256"
            ],
            "fingerprint": "C1a273SpEvg=",
            "id": "ssl-policy",
            "min_tls_version": "TLS_1_2",
            "name": "ssl-policy",
            "profile": "MODERN",
            "project": "lehmann-tech",
            "self_link": "https://www.googleapis.com/compute/v1/projects/lehmann-tech/global/sslPolicies/ssl-policy",
            "timeouts": null
          },
          "private": "eyJlMmJmYjczMC1lY2FhLTExZTYtOGY4OC0zNDM2M2JjN2M0YzAiOnsiY3JlYXRlIjoyNDAwMDAwMDAwMDAsImRlbGV0ZSI6MjQwMDAwMDAwMDAwLCJ1cGRhdGUiOjI0MDAwMDAwMDAwMH19"
        }
      ]
    },
    {
      "mode": "managed",
      "type": "google_container_cluster",
      "name": "staging_container_cluster",
      "provider": "provider.google-beta",
      "instances": [
        {
          "schema_version": 1,
          "attributes": {
            "additional_zones": [
              "europe-west1-b",
              "europe-west1-c",
              "europe-west1-d"
            ],
            "addons_config": [
              {
                "cloudrun_config": [],
                "horizontal_pod_autoscaling": [],
                "http_load_balancing": [],
                "istio_config": [],
                "kubernetes_dashboard": [
                  {
                    "disabled": true
                  }
                ],
                "network_policy_config": [
                  {
                    "disabled": true
                  }
                ]
              }
            ],
            "authenticator_groups_config": [],
            "cluster_autoscaling": [
              {
                "enabled": false,
                "resource_limits": []
              }
            ],
            "cluster_ipv4_cidr": "10.20.0.0/14",
            "database_encryption": [
              {
                "key_name": "projects/lehmann-tech/locations/europe-west1/keyRings/staging/cryptoKeys/etcd-database-password",
                "state": "ENCRYPTED"
              }
            ],
            "default_max_pods_per_node": 110,
            "description": "",
            "enable_binary_authorization": false,
            "enable_intranode_visibility": false,
            "enable_kubernetes_alpha": false,
            "enable_legacy_abac": false,
            "enable_tpu": false,
            "endpoint": "35.240.69.167",
            "id": "staging",
            "initial_node_count": 1,
            "instance_group_urls": [
              "https://www.googleapis.com/compute/v1/projects/lehmann-tech/zones/europe-west1-b/instanceGroups/gke-staging-staging-node-pool-a80f9a22-grp",
              "https://www.googleapis.com/compute/v1/projects/lehmann-tech/zones/europe-west1-d/instanceGroups/gke-staging-staging-node-pool-01862ac3-grp",
              "https://www.googleapis.com/compute/v1/projects/lehmann-tech/zones/europe-west1-c/instanceGroups/gke-staging-staging-node-pool-0c39e8ec-grp"
            ],
            "ip_allocation_policy": [],
            "location": "europe-west1",
            "logging_service": "logging.googleapis.com",
            "maintenance_policy": [],
            "master_auth": [
              {
                "client_certificate": "",
                "client_certificate_config": [
                  {
                    "issue_client_certificate": false
                  }
                ],
                "client_key": "",
                "cluster_ca_certificate": "LS0tLS1CRUdJTiBDRVJUSUZJQ0FURS0tLS0tCk1JSURERENDQWZTZ0F3SUJBZ0lSQUl3T1NOcWpERTI2bGphV0JzOWZoSEV3RFFZSktvWklodmNOQVFFTEJRQXcKTHpFdE1Dc0dBMVVFQXhNa09XWTFPVGN3TkRRdFlqTTJNaTAwWVdVMExUbGxOR1F0TXpoa04yTXlZVFkzTm1ZegpNQjRYRFRFNU1EZ3hOVEUzTlRFMU4xb1hEVEkwTURneE16RTROVEUxTjFvd0x6RXRNQ3NHQTFVRUF4TWtPV1kxCk9UY3dORFF0WWpNMk1pMDBZV1UwTFRsbE5HUXRNemhrTjJNeVlUWTNObVl6TUlJQklqQU5CZ2txaGtpRzl3MEIKQVFFRkFBT0NBUThBTUlJQkNnS0NBUUVBNFkwYWtveTdhZmFaMU5JdVB1K1pWb29XVTF1dlU1SnBMNk5HSHhhSApYcTZSN2pYRWJIS2lReUFueEk5V1dTUUNTRnZVWUtKNEpNRHZwbnNXMjNjcGVhU2hPbTFwZ0xIT0p6ekhrdjhoCkdvWkxQTzNLSHBlYXRKdk5ubTVuMVRET1lkR3BzR3J5WTZlQWdiRlNQZUhVRXE1cm9DbU1YblV6TjV5NjVKZngKc1pnMk90UEprWUZKNE1xa0w4M3VRSWhhcmU4dGhjb3ZmVCtDdHExYjRmdUozcU4vaXpoMFVXTkVLeGFOUkZJOApuS0FKM2RNeWxOcDdBMTloZVZzMkIxNG4yZG5nbEh1aTc4dk1RMGVoR05iTnBYLzkrZTduaEpEYlVrdHYvRUE0CiszYTNrMVJhdXpKN2V2bldTbU5ORUM4bkplVDlKN3AvTEErRU45b1BlaUZ6cFFJREFRQUJveU13SVRBT0JnTlYKSFE4QkFmOEVCQU1DQWdRd0R3WURWUjBUQVFIL0JBVXdBd0VCL3pBTkJna3Foa2lHOXcwQkFRc0ZBQU9DQVFFQQp6OVhwMk1NWmVrNklqaUp2VjhVU2w2bUdPUURrYVE0MTRLRjJzWkxpK1ZHRE02UStvQ3FqK2YrMWt0eE9tSXQ5CnhyQVZFSGc2MXBDTi9YdHlVbTY4dFl4RENIZDZxOVpCYUFkaTg2c3NRT3BzY2xabko5T09YTWdVendMdjBvOWcKLzgwdFdOTmRHdS9qZHZ3VEluREQ3QmZnS0wzNmg1a1c0MFZUZFpnNnBobDBUalg4aTYwVExVMlFxRFV3R3dwQwpsbTg4K0RBS0dYRjFYNWptNkp6Zi9tQ3R5TjFlWkpnVjQ1SW1FdjRrQVJIRkR3UW8yYW5LQmwvSUQvYUdTVmVPCmdkU2xEOCtQRDZCc0ZBV2pJamQ1RUpWT2xVVXJ6bGJlVktzSkdxV2FwNm81M0piWTBleHZETVovQXVjWmtxR24Ka1ZzVUR5a2FveHRvMXk4VmxET3FMZz09Ci0tLS0tRU5EIENFUlRJRklDQVRFLS0tLS0K",
                "password": "",
                "username": ""
              }
            ],
            "master_authorized_networks_config": [],
            "master_version": "1.13.7-gke.19",
            "min_master_version": "1.13.7-gke.19",
            "monitoring_service": "monitoring.googleapis.com",
            "name": "staging",
            "network": "projects/lehmann-tech/global/networks/staging",
            "network_policy": [
              {
                "enabled": false,
                "provider": "PROVIDER_UNSPECIFIED"
              }
            ],
            "node_config": [
              {
                "disk_size_gb": 100,
                "disk_type": "pd-standard",
                "guest_accelerator": [],
                "image_type": "COS",
                "labels": {},
                "local_ssd_count": 0,
                "machine_type": "n1-standard-1",
                "metadata": {
                  "disable-legacy-endpoints": "true"
                },
                "min_cpu_platform": "",
                "oauth_scopes": [
                  "https://www.googleapis.com/auth/cloud-platform",
                  "https://www.googleapis.com/auth/logging.write",
                  "https://www.googleapis.com/auth/monitoring"
                ],
                "preemptible": false,
                "sandbox_config": [],
                "service_account": "default",
                "tags": [],
                "taint": [],
                "workload_metadata_config": []
              }
            ],
            "node_locations": [
              "europe-west1-b",
              "europe-west1-c",
              "europe-west1-d"
            ],
            "node_pool": [
              {
                "autoscaling": [],
                "initial_node_count": 2,
                "instance_group_urls": [
                  "https://www.googleapis.com/compute/v1/projects/lehmann-tech/zones/europe-west1-b/instanceGroupManagers/gke-staging-staging-node-pool-a80f9a22-grp",
                  "https://www.googleapis.com/compute/v1/projects/lehmann-tech/zones/europe-west1-d/instanceGroupManagers/gke-staging-staging-node-pool-01862ac3-grp",
                  "https://www.googleapis.com/compute/v1/projects/lehmann-tech/zones/europe-west1-c/instanceGroupManagers/gke-staging-staging-node-pool-0c39e8ec-grp"
                ],
                "management": [
                  {
                    "auto_repair": false,
                    "auto_upgrade": false
                  }
                ],
                "max_pods_per_node": 0,
                "name": "staging-node-pool",
                "name_prefix": "",
                "node_config": [
                  {
                    "disk_size_gb": 100,
                    "disk_type": "pd-standard",
                    "guest_accelerator": [],
                    "image_type": "COS",
                    "labels": {},
                    "local_ssd_count": 0,
                    "machine_type": "n1-standard-1",
                    "metadata": {
                      "disable-legacy-endpoints": "true"
                    },
                    "min_cpu_platform": "",
                    "oauth_scopes": [
                      "https://www.googleapis.com/auth/cloud-platform",
                      "https://www.googleapis.com/auth/logging.write",
                      "https://www.googleapis.com/auth/monitoring"
                    ],
                    "preemptible": false,
                    "sandbox_config": [],
                    "service_account": "default",
                    "tags": [],
                    "taint": [],
                    "workload_metadata_config": []
                  }
                ],
                "node_count": 2,
                "version": "1.13.7-gke.19"
              }
            ],
            "node_version": "1.13.7-gke.19",
            "pod_security_policy_config": [],
            "private_cluster_config": [],
            "project": "lehmann-tech",
            "region": "europe-west1",
            "remove_default_node_pool": true,
            "resource_labels": {},
            "resource_usage_export_config": [],
            "services_ipv4_cidr": "10.23.240.0/20",
            "subnetwork": "projects/lehmann-tech/regions/europe-west1/subnetworks/staging",
            "timeouts": null,
            "tpu_ipv4_cidr_block": "",
            "vertical_pod_autoscaling": [],
            "workload_identity_config": [],
            "zone": null
          },
          "private": "eyJlMmJmYjczMC1lY2FhLTExZTYtOGY4OC0zNDM2M2JjN2M0YzAiOnsiY3JlYXRlIjoxODAwMDAwMDAwMDAwLCJkZWxldGUiOjE4MDAwMDAwMDAwMDAsInVwZGF0ZSI6MzYwMDAwMDAwMDAwMH0sInNjaGVtYV92ZXJzaW9uIjoiMSJ9",
          "depends_on": [
            "data.google_container_engine_versions.container_engine_versions_staging",
            "google_compute_network.staging_vpc_network",
            "google_kms_crypto_key.kms_crypto_key_etcd_database_password_staging"
          ]
        }
      ]
    },
    {
      "mode": "managed",
      "type": "google_container_node_pool",
      "name": "staging_container_node_pool",
      "provider": "provider.google",
      "instances": [
        {
          "schema_version": 1,
          "attributes": {
            "autoscaling": [],
            "cluster": "staging",
            "id": "europe-west1/staging/staging-node-pool",
            "initial_node_count": 2,
            "instance_group_urls": [
              "https://www.googleapis.com/compute/v1/projects/lehmann-tech/zones/europe-west1-b/instanceGroupManagers/gke-staging-staging-node-pool-a80f9a22-grp",
              "https://www.googleapis.com/compute/v1/projects/lehmann-tech/zones/europe-west1-d/instanceGroupManagers/gke-staging-staging-node-pool-01862ac3-grp",
              "https://www.googleapis.com/compute/v1/projects/lehmann-tech/zones/europe-west1-c/instanceGroupManagers/gke-staging-staging-node-pool-0c39e8ec-grp"
            ],
            "location": "europe-west1",
            "management": [
              {
                "auto_repair": false,
                "auto_upgrade": false
              }
            ],
            "max_pods_per_node": null,
            "name": "staging-node-pool",
            "name_prefix": "",
            "node_config": [
              {
                "disk_size_gb": 100,
                "disk_type": "pd-standard",
                "guest_accelerator": [],
                "image_type": "COS",
                "labels": {},
                "local_ssd_count": 0,
                "machine_type": "n1-standard-1",
                "metadata": {
                  "disable-legacy-endpoints": "true"
                },
                "min_cpu_platform": "",
                "oauth_scopes": [
                  "https://www.googleapis.com/auth/cloud-platform",
                  "https://www.googleapis.com/auth/logging.write",
                  "https://www.googleapis.com/auth/monitoring"
                ],
                "preemptible": false,
                "sandbox_config": [],
                "service_account": "default",
                "tags": [],
                "taint": [],
                "workload_metadata_config": []
              }
            ],
            "node_count": 2,
            "project": "lehmann-tech",
            "region": "europe-west1",
            "timeouts": null,
            "version": "1.13.7-gke.19",
            "zone": null
          },
          "private": "eyJlMmJmYjczMC1lY2FhLTExZTYtOGY4OC0zNDM2M2JjN2M0YzAiOnsiY3JlYXRlIjoxODAwMDAwMDAwMDAwLCJkZWxldGUiOjYwMDAwMDAwMDAwMCwidXBkYXRlIjo2MDAwMDAwMDAwMDB9LCJzY2hlbWFfdmVyc2lvbiI6IjEifQ==",
          "depends_on": [
            "data.google_container_engine_versions.container_engine_versions_staging",
            "google_container_cluster.staging_container_cluster"
          ]
        }
      ]
    },
    {
      "mode": "managed",
      "type": "google_dns_managed_zone",
      "name": "dns_zone_lehmann_tech",
      "provider": "provider.google",
      "instances": [
        {
          "schema_version": 0,
          "attributes": {
            "description": "Managed by Terraform",
            "dns_name": "lehmann.tech.",
            "dnssec_config": [],
            "id": "lehmann-tech",
            "labels": {},
            "name": "lehmann-tech",
            "name_servers": [
              "ns-cloud-d1.googledomains.com.",
              "ns-cloud-d2.googledomains.com.",
              "ns-cloud-d3.googledomains.com.",
              "ns-cloud-d4.googledomains.com."
            ],
            "private_visibility_config": [],
            "project": "lehmann-tech",
            "timeouts": null,
            "visibility": "public"
          },
          "private": "eyJlMmJmYjczMC1lY2FhLTExZTYtOGY4OC0zNDM2M2JjN2M0YzAiOnsiY3JlYXRlIjoyNDAwMDAwMDAwMDAsImRlbGV0ZSI6MjQwMDAwMDAwMDAwLCJ1cGRhdGUiOjI0MDAwMDAwMDAwMH19"
        }
      ]
    },
    {
      "mode": "managed",
      "type": "google_dns_managed_zone",
      "name": "dns_zone_unwanted_fun",
      "provider": "provider.google",
      "instances": [
        {
          "schema_version": 0,
          "attributes": {
            "description": "Managed by Terraform",
            "dns_name": "unwanted.fun.",
            "dnssec_config": [],
            "id": "unwanted-fun",
            "labels": null,
            "name": "unwanted-fun",
            "name_servers": [
              "ns-cloud-e1.googledomains.com.",
              "ns-cloud-e2.googledomains.com.",
              "ns-cloud-e3.googledomains.com.",
              "ns-cloud-e4.googledomains.com."
            ],
            "private_visibility_config": [],
            "project": "lehmann-tech",
            "timeouts": null,
            "visibility": "public"
          },
          "private": "eyJlMmJmYjczMC1lY2FhLTExZTYtOGY4OC0zNDM2M2JjN2M0YzAiOnsiY3JlYXRlIjoyNDAwMDAwMDAwMDAsImRlbGV0ZSI6MjQwMDAwMDAwMDAwLCJ1cGRhdGUiOjI0MDAwMDAwMDAwMH19"
        }
      ]
    },
    {
      "mode": "managed",
      "type": "google_dns_record_set",
      "name": "dns_record_set_lehmann_tech",
      "provider": "provider.google",
      "instances": [
        {
          "schema_version": 0,
          "attributes": {
            "id": "lehmann-tech/staging.lehmann.tech./A",
            "managed_zone": "lehmann-tech",
            "name": "staging.lehmann.tech.",
            "project": "lehmann-tech",
            "rrdatas": [
              "34.96.95.14"
            ],
            "ttl": 300,
            "type": "A"
          },
          "private": "bnVsbA==",
          "depends_on": [
            "google_compute_global_address.ip_address_staging",
            "google_dns_managed_zone.dns_zone_lehmann_tech"
          ]
        }
      ]
    },
    {
      "mode": "managed",
      "type": "google_dns_record_set",
      "name": "dns_record_set_unwanted_fun",
      "provider": "provider.google",
      "instances": [
        {
          "schema_version": 0,
          "attributes": {
            "id": "unwanted-fun/staging.unwanted.fun./A",
            "managed_zone": "unwanted-fun",
            "name": "staging.unwanted.fun.",
            "project": "lehmann-tech",
            "rrdatas": [
              "34.96.95.14"
            ],
            "ttl": 300,
            "type": "A"
          },
          "private": "bnVsbA==",
          "depends_on": [
            "google_compute_global_address.ip_address_staging",
            "google_dns_managed_zone.dns_zone_unwanted_fun"
          ]
        }
      ]
    },
    {
      "mode": "managed",
      "type": "google_kms_crypto_key",
      "name": "kms_crypto_key_etcd_database_password_staging",
      "provider": "provider.google",
      "instances": [
        {
          "schema_version": 1,
          "attributes": {
            "id": "projects/lehmann-tech/locations/europe-west1/keyRings/staging/cryptoKeys/etcd-database-password",
            "key_ring": "projects/lehmann-tech/locations/europe-west1/keyRings/staging",
            "labels": {},
            "name": "etcd-database-password",
            "purpose": "ENCRYPT_DECRYPT",
            "rotation_period": "",
            "self_link": "projects/lehmann-tech/locations/europe-west1/keyRings/staging/cryptoKeys/etcd-database-password",
            "timeouts": null,
            "version_template": [
              {
                "algorithm": "GOOGLE_SYMMETRIC_ENCRYPTION",
                "protection_level": "SOFTWARE"
              }
            ]
          },
          "private": "eyJlMmJmYjczMC1lY2FhLTExZTYtOGY4OC0zNDM2M2JjN2M0YzAiOnsiY3JlYXRlIjoyNDAwMDAwMDAwMDAsImRlbGV0ZSI6MjQwMDAwMDAwMDAwLCJ1cGRhdGUiOjI0MDAwMDAwMDAwMH0sInNjaGVtYV92ZXJzaW9uIjoiMSJ9",
          "depends_on": [
            "google_kms_key_ring.kms_keyring_staging"
          ]
        }
      ]
    },
    {
      "mode": "managed",
      "type": "google_kms_key_ring",
      "name": "kms_keyring_dev",
      "provider": "provider.google",
      "instances": [
        {
          "schema_version": 0,
          "attributes": {
            "id": "projects/lehmann-tech/locations/europe-west1/keyRings/dev",
            "location": "europe-west1",
            "name": "dev",
            "project": "lehmann-tech",
            "self_link": "projects/lehmann-tech/locations/europe-west1/keyRings/dev",
            "timeouts": null
          },
          "private": "eyJlMmJmYjczMC1lY2FhLTExZTYtOGY4OC0zNDM2M2JjN2M0YzAiOnsiY3JlYXRlIjoyNDAwMDAwMDAwMDAsImRlbGV0ZSI6MjQwMDAwMDAwMDAwfX0="
        }
      ]
    },
    {
      "mode": "managed",
      "type": "google_kms_key_ring",
      "name": "kms_keyring_staging",
      "provider": "provider.google",
      "instances": [
        {
          "schema_version": 0,
          "attributes": {
            "id": "projects/lehmann-tech/locations/europe-west1/keyRings/staging",
            "location": "europe-west1",
            "name": "staging",
            "project": "lehmann-tech",
            "self_link": "projects/lehmann-tech/locations/europe-west1/keyRings/staging",
            "timeouts": null
          },
          "private": "eyJlMmJmYjczMC1lY2FhLTExZTYtOGY4OC0zNDM2M2JjN2M0YzAiOnsiY3JlYXRlIjoyNDAwMDAwMDAwMDAsImRlbGV0ZSI6MjQwMDAwMDAwMDAwfX0="
        }
      ]
    }
  ]
}
