{
  "version": 4,
  "terraform_version": "0.12.6",
  "serial": 25,
  "lineage": "aa9c8869-dfd6-7726-4da3-d145f384a610",
  "outputs": {},
  "resources": [
    {
      "mode": "managed",
      "type": "google_compute_network",
      "name": "dev_vpc_network",
      "provider": "provider.google",
      "instances": [
        {
          "schema_version": 0,
          "attributes": {
            "auto_create_subnetworks": true,
            "delete_default_routes_on_create": false,
            "description": "",
            "gateway_ipv4": "",
            "id": "dev",
            "ipv4_range": "",
            "name": "dev",
            "project": "lehmann-tech",
            "routing_mode": "REGIONAL",
            "self_link": "https://www.googleapis.com/compute/v1/projects/lehmann-tech/global/networks/dev",
            "timeouts": null
          },
          "private": "eyJlMmJmYjczMC1lY2FhLTExZTYtOGY4OC0zNDM2M2JjN2M0YzAiOnsiY3JlYXRlIjoyNDAwMDAwMDAwMDAsImRlbGV0ZSI6MjQwMDAwMDAwMDAwLCJ1cGRhdGUiOjI0MDAwMDAwMDAwMH19"
        }
      ]
    },
    {
      "mode": "managed",
      "type": "google_kms_crypto_key",
      "name": "kms_crypto_key_etcd_database_password",
      "provider": "provider.google",
      "instances": [
        {
          "schema_version": 1,
          "attributes": {
            "id": "projects/lehmann-tech/locations/europe-west1/keyRings/dev/cryptoKeys/etcd-database-password",
            "key_ring": "projects/lehmann-tech/locations/europe-west1/keyRings/dev",
            "labels": {},
            "name": "etcd-database-password",
            "purpose": "ENCRYPT_DECRYPT",
            "rotation_period": "",
            "self_link": "projects/lehmann-tech/locations/europe-west1/keyRings/dev/cryptoKeys/etcd-database-password",
            "timeouts": null,
            "version_template": [
              {
                "algorithm": "GOOGLE_SYMMETRIC_ENCRYPTION",
                "protection_level": "SOFTWARE"
              }
            ]
          },
          "private": "eyJlMmJmYjczMC1lY2FhLTExZTYtOGY4OC0zNDM2M2JjN2M0YzAiOnsiY3JlYXRlIjoyNDAwMDAwMDAwMDAsImRlbGV0ZSI6MjQwMDAwMDAwMDAwLCJ1cGRhdGUiOjI0MDAwMDAwMDAwMH0sInNjaGVtYV92ZXJzaW9uIjoiMSJ9",
          "depends_on": [
            "google_kms_key_ring.kms_keyring_dev"
          ]
        }
      ]
    },
    {
      "mode": "managed",
      "type": "google_kms_key_ring",
      "name": "kms_keyring_dev",
      "provider": "provider.google",
      "instances": [
        {
          "schema_version": 0,
          "attributes": {
            "id": "projects/lehmann-tech/locations/europe-west1/keyRings/dev",
            "location": "europe-west1",
            "name": "dev",
            "project": "lehmann-tech",
            "self_link": "projects/lehmann-tech/locations/europe-west1/keyRings/dev",
            "timeouts": null
          },
          "private": "eyJlMmJmYjczMC1lY2FhLTExZTYtOGY4OC0zNDM2M2JjN2M0YzAiOnsiY3JlYXRlIjoyNDAwMDAwMDAwMDAsImRlbGV0ZSI6MjQwMDAwMDAwMDAwfX0="
        }
      ]
    }
  ]
}
