{
  "version": 4,
  "terraform_version": "0.12.6",
  "serial": 11,
  "lineage": "aa9c8869-dfd6-7726-4da3-d145f384a610",
  "outputs": {},
  "resources": [
    {
      "mode": "managed",
      "type": "google_compute_instance",
      "name": "vm_instance",
      "provider": "provider.google",
      "instances": [
        {
          "schema_version": 6,
          "attributes": {
            "allow_stopping_for_update": null,
            "attached_disk": [],
            "boot_disk": [
              {
                "auto_delete": true,
                "device_name": "persistent-disk-0",
                "disk_encryption_key_raw": "",
                "disk_encryption_key_sha256": "",
                "initialize_params": [
                  {
                    "image": "https://www.googleapis.com/compute/v1/projects/debian-cloud/global/images/debian-9-stretch-v20190813",
                    "labels": {},
                    "size": 10,
                    "type": "pd-standard"
                  }
                ],
                "kms_key_self_link": "",
                "source": "https://www.googleapis.com/compute/v1/projects/lehmann-tech/zones/europe-west1-b/disks/terraform-instance"
              }
            ],
            "can_ip_forward": false,
            "cpu_platform": "Intel Haswell",
            "deletion_protection": false,
            "description": null,
            "disk": [],
            "guest_accelerator": [],
            "hostname": "",
            "id": "terraform-instance",
            "instance_id": "6248876679989137312",
            "label_fingerprint": "42WmSpB8rSM=",
            "labels": {},
            "machine_type": "f1-micro",
            "metadata": {},
            "metadata_fingerprint": "aHAqqordd2o=",
            "metadata_startup_script": "",
            "min_cpu_platform": "",
            "name": "terraform-instance",
            "network_interface": [
              {
                "access_config": [
                  {
                    "assigned_nat_ip": "",
                    "nat_ip": "34.77.240.251",
                    "network_tier": "PREMIUM",
                    "public_ptr_domain_name": ""
                  }
                ],
                "address": "",
                "alias_ip_range": [],
                "name": "nic0",
                "network": "https://www.googleapis.com/compute/v1/projects/lehmann-tech/global/networks/terraform-network",
                "network_ip": "10.132.0.2",
                "subnetwork": "https://www.googleapis.com/compute/v1/projects/lehmann-tech/regions/europe-west1/subnetworks/terraform-network",
                "subnetwork_project": "lehmann-tech"
              }
            ],
            "project": "lehmann-tech",
            "scheduling": [
              {
                "automatic_restart": true,
                "node_affinities": [],
                "on_host_maintenance": "MIGRATE",
                "preemptible": false
              }
            ],
            "scratch_disk": [],
            "self_link": "https://www.googleapis.com/compute/v1/projects/lehmann-tech/zones/europe-west1-b/instances/terraform-instance",
            "service_account": [],
            "shielded_instance_config": [],
            "tags": [],
            "tags_fingerprint": "42WmSpB8rSM=",
            "timeouts": null,
            "zone": "europe-west1-b"
          },
          "private": "eyJlMmJmYjczMC1lY2FhLTExZTYtOGY4OC0zNDM2M2JjN2M0YzAiOnsiY3JlYXRlIjoxMjAwMDAwMDAwMDAwLCJkZWxldGUiOjEyMDAwMDAwMDAwMDAsInVwZGF0ZSI6MTIwMDAwMDAwMDAwMH0sInNjaGVtYV92ZXJzaW9uIjoiNiJ9",
          "depends_on": [
            "google_compute_network.vpc_network"
          ]
        }
      ]
    },
    {
      "mode": "managed",
      "type": "google_compute_network",
      "name": "dev_vpc_network",
      "provider": "provider.google",
      "instances": [
        {
          "schema_version": 0,
          "attributes": {
            "auto_create_subnetworks": true,
            "delete_default_routes_on_create": false,
            "description": "",
            "gateway_ipv4": "",
            "id": "dev",
            "ipv4_range": "",
            "name": "dev",
            "project": "lehmann-tech",
            "routing_mode": "REGIONAL",
            "self_link": "https://www.googleapis.com/compute/v1/projects/lehmann-tech/global/networks/dev",
            "timeouts": null
          },
          "private": "eyJlMmJmYjczMC1lY2FhLTExZTYtOGY4OC0zNDM2M2JjN2M0YzAiOnsiY3JlYXRlIjoyNDAwMDAwMDAwMDAsImRlbGV0ZSI6MjQwMDAwMDAwMDAwLCJ1cGRhdGUiOjI0MDAwMDAwMDAwMH19"
        }
      ]
    },
    {
      "mode": "managed",
      "type": "google_compute_network",
      "name": "vpc_network",
      "provider": "provider.google",
      "instances": [
        {
          "schema_version": 0,
          "attributes": {
            "auto_create_subnetworks": true,
            "delete_default_routes_on_create": false,
            "description": "",
            "gateway_ipv4": "",
            "id": "terraform-network",
            "ipv4_range": "",
            "name": "terraform-network",
            "project": "lehmann-tech",
            "routing_mode": "REGIONAL",
            "self_link": "https://www.googleapis.com/compute/v1/projects/lehmann-tech/global/networks/terraform-network",
            "timeouts": null
          },
          "private": "eyJlMmJmYjczMC1lY2FhLTExZTYtOGY4OC0zNDM2M2JjN2M0YzAiOnsiY3JlYXRlIjoyNDAwMDAwMDAwMDAsImRlbGV0ZSI6MjQwMDAwMDAwMDAwLCJ1cGRhdGUiOjI0MDAwMDAwMDAwMH19"
        }
      ]
    },
    {
      "mode": "managed",
      "type": "google_container_cluster",
      "name": "dev_container_cluster",
      "provider": "provider.google",
      "instances": [
        {
          "schema_version": 1,
          "attributes": {
            "additional_zones": [
              "europe-west1-b",
              "europe-west1-c",
              "europe-west1-d"
            ],
            "addons_config": [
              {
                "horizontal_pod_autoscaling": [],
                "http_load_balancing": [],
                "kubernetes_dashboard": [
                  {
                    "disabled": true
                  }
                ],
                "network_policy_config": [
                  {
                    "disabled": true
                  }
                ]
              }
            ],
            "cluster_autoscaling": [],
            "cluster_ipv4_cidr": "10.8.0.0/14",
            "description": "",
            "enable_binary_authorization": null,
            "enable_intranode_visibility": null,
            "enable_kubernetes_alpha": false,
            "enable_legacy_abac": false,
            "enable_tpu": null,
            "endpoint": "35.233.81.195",
            "id": "dev",
            "initial_node_count": 1,
            "instance_group_urls": [],
            "ip_allocation_policy": [],
            "location": "europe-west1",
            "logging_service": "logging.googleapis.com",
            "maintenance_policy": [],
            "master_auth": [
              {
                "client_certificate": "",
                "client_certificate_config": [
                  {
                    "issue_client_certificate": false
                  }
                ],
                "client_key": "",
                "cluster_ca_certificate": "LS0tLS1CRUdJTiBDRVJUSUZJQ0FURS0tLS0tCk1JSURERENDQWZTZ0F3SUJBZ0lSQUpJWUZYZjR2UjZIZU5HOHRwWWl4UUV3RFFZSktvWklodmNOQVFFTEJRQXcKTHpFdE1Dc0dBMVVFQXhNa09UVmhPRE0zWW1NdE1qTTNNeTAwTmpRd0xXSTVNV1l0TWpsbE1tSTBNakprWTJKbQpNQjRYRFRFNU1EZ3hOREU0TURBek5Wb1hEVEkwTURneE1qRTVNREF6TlZvd0x6RXRNQ3NHQTFVRUF4TWtPVFZoCk9ETTNZbU10TWpNM015MDBOalF3TFdJNU1XWXRNamxsTW1JME1qSmtZMkptTUlJQklqQU5CZ2txaGtpRzl3MEIKQVFFRkFBT0NBUThBTUlJQkNnS0NBUUVBM1NsclJhNmVrbWNQN0JXeTJRekFKenlMbUdvWGVPRmxhQlIwTjRzOApnQWI2ajVFTmZzanhCRXF1RmFyOWJodjRGRGk3QURwc3g1MDc0eUdwaUhPTXRDd3JWaVdCUmxZN0NTendXNG12CllXYXlDWElzTHRPYlRjemRzREF1S0d3N3FVL1FEQzdvb2IwOW4vZ041YitCMVZ6ZUhCTlpSakNScXg2VE45WnUKUXA3bVU1elFrTnJQQzBRNFN1ZkR5cmEwekxpbU9HLzFRbGVEbkZ1cjdpMEZPT0Z1c1FEVlc4MmdWL3NNM1lhbgozTTUyV2E5OGxyejgwSVVwQWdYdXdoTXNqaUZxUkFjVGV6SWhYTFNOKzZzOG5NMmc3ekNtK2dVM01pZVgyTm0rCm9oR3UrNTgwZzV1S0xId3gzVVRvN1dEWFdRU2dlc3ZTSzF1eTVjSDN6TlQvV3dJREFRQUJveU13SVRBT0JnTlYKSFE4QkFmOEVCQU1DQWdRd0R3WURWUjBUQVFIL0JBVXdBd0VCL3pBTkJna3Foa2lHOXcwQkFRc0ZBQU9DQVFFQQpXMCtzQ2RXVzVaelliOUJkN3ExMlJ3NU1pVVJXQWo1MWw3ZUpiTVVlTmo0dzBucU5hZldtRXFuc3p1WVFWNjZWCmZ5ZnNUcmxBaWt2bFVwSVkzdnl6aGQ0a0toNm1QdlRuQzd2dGpWaU5rQ3RCSkZFMlRjdzZmUmVBVFl4SkQ4ZjYKbXVLeWpCWHBqWlhZaUxqaGw3S3lpeXJOSUZsakpGYUVrcWpOS2xESU5Xa2Qzc0Q1cmp0T294d1hybEx5TU1XRQpCMThwNVg5Mjk0NmQxSS9vV09EZE95R1FNUkZxc1pnQlo4Z2l6WGtTdXJLY1ZLbDN0UDFVVzRybjNLZ1pNV0lFCnMzWFFEcnFBWlpLSE9sclpaSnpNWlZmVmtubjZYMndyTmFLUEgzQTVjR1E1dzlqYytoKzlDcTZiWWxIUzRnR1kKcU5FRWFPTzZzY3pLZ3VLOVVhMVkxdz09Ci0tLS0tRU5EIENFUlRJRklDQVRFLS0tLS0K",
                "password": "",
                "username": ""
              }
            ],
            "master_authorized_networks_config": [],
            "master_version": "1.12.8-gke.10",
            "min_master_version": null,
            "monitoring_service": "monitoring.googleapis.com",
            "name": "dev",
            "network": "projects/lehmann-tech/global/networks/dev",
            "network_policy": [
              {
                "enabled": false,
                "provider": "PROVIDER_UNSPECIFIED"
              }
            ],
            "node_config": [],
            "node_locations": [
              "europe-west1-b",
              "europe-west1-c",
              "europe-west1-d"
            ],
            "node_pool": [],
            "node_version": "1.12.8-gke.10",
            "pod_security_policy_config": [],
            "private_cluster_config": [],
            "project": "lehmann-tech",
            "region": "europe-west1",
            "remove_default_node_pool": true,
            "resource_labels": null,
            "services_ipv4_cidr": "10.11.240.0/20",
            "subnetwork": "projects/lehmann-tech/regions/europe-west1/subnetworks/dev",
            "timeouts": null,
            "zone": null
          },
          "private": "eyJlMmJmYjczMC1lY2FhLTExZTYtOGY4OC0zNDM2M2JjN2M0YzAiOnsiY3JlYXRlIjoxODAwMDAwMDAwMDAwLCJkZWxldGUiOjE4MDAwMDAwMDAwMDAsInVwZGF0ZSI6MzYwMDAwMDAwMDAwMH0sInNjaGVtYV92ZXJzaW9uIjoiMSJ9",
          "depends_on": [
            "google_compute_network.dev_vpc_network"
          ]
        }
      ]
    },
    {
      "mode": "managed",
      "type": "google_container_node_pool",
      "name": "dev_container_node_pool",
      "provider": "provider.google",
      "instances": [
        {
          "schema_version": 1,
          "attributes": {
            "autoscaling": [],
            "cluster": "dev",
            "id": "europe-west1/dev/dev-node-pool",
            "initial_node_count": 2,
            "instance_group_urls": [
              "https://www.googleapis.com/compute/v1/projects/lehmann-tech/zones/europe-west1-b/instanceGroupManagers/gke-dev-dev-node-pool-f0bad45e-grp",
              "https://www.googleapis.com/compute/v1/projects/lehmann-tech/zones/europe-west1-c/instanceGroupManagers/gke-dev-dev-node-pool-7475fe19-grp",
              "https://www.googleapis.com/compute/v1/projects/lehmann-tech/zones/europe-west1-d/instanceGroupManagers/gke-dev-dev-node-pool-d2389f0c-grp"
            ],
            "location": "europe-west1",
            "management": [
              {
                "auto_repair": false,
                "auto_upgrade": false
              }
            ],
            "max_pods_per_node": null,
            "name": "dev-node-pool",
            "name_prefix": "",
            "node_config": [
              {
                "disk_size_gb": 100,
                "disk_type": "pd-standard",
                "guest_accelerator": [],
                "image_type": "COS",
                "labels": {},
                "local_ssd_count": 0,
                "machine_type": "n1-standard-1",
                "metadata": {
                  "disable-legacy-endpoints": "true"
                },
                "min_cpu_platform": "",
                "oauth_scopes": [
                  "https://www.googleapis.com/auth/cloud-platform",
                  "https://www.googleapis.com/auth/logging.write",
                  "https://www.googleapis.com/auth/monitoring"
                ],
                "preemptible": false,
                "sandbox_config": [],
                "service_account": "default",
                "tags": null,
                "taint": [],
                "workload_metadata_config": []
              }
            ],
            "node_count": 2,
            "project": "lehmann-tech",
            "region": "europe-west1",
            "timeouts": null,
            "version": "1.12.8-gke.10",
            "zone": null
          },
          "private": "eyJlMmJmYjczMC1lY2FhLTExZTYtOGY4OC0zNDM2M2JjN2M0YzAiOnsiY3JlYXRlIjoxODAwMDAwMDAwMDAwLCJkZWxldGUiOjYwMDAwMDAwMDAwMCwidXBkYXRlIjo2MDAwMDAwMDAwMDB9LCJzY2hlbWFfdmVyc2lvbiI6IjEifQ==",
          "depends_on": [
            "google_container_cluster.dev_container_cluster"
          ]
        }
      ]
    }
  ]
}
