{
  "version": 4,
  "terraform_version": "0.12.6",
  "serial": 180,
  "lineage": "aa9c8869-dfd6-7726-4da3-d145f384a610",
  "outputs": {},
  "resources": [
    {
      "mode": "managed",
      "type": "google_dns_managed_zone",
      "name": "dns_zone_unwanted_fun",
      "provider": "provider.google",
      "instances": [
        {
          "schema_version": 0,
          "attributes": {
            "description": "Managed by Terraform",
            "dns_name": "unwanted.fun.",
            "dnssec_config": [],
            "id": "unwanted-fun",
            "labels": {},
            "name": "unwanted-fun",
            "name_servers": [
              "ns-cloud-e1.googledomains.com.",
              "ns-cloud-e2.googledomains.com.",
              "ns-cloud-e3.googledomains.com.",
              "ns-cloud-e4.googledomains.com."
            ],
            "private_visibility_config": [],
            "project": "lehmann-tech",
            "timeouts": {
              "create": null,
              "delete": null,
              "update": null
            },
            "visibility": "public"
          }
        }
      ]
    }
  ]
}
