{
  "version": 4,
  "terraform_version": "0.12.6",
  "serial": 166,
  "lineage": "aa9c8869-dfd6-7726-4da3-d145f384a610",
  "outputs": {},
  "resources": [
    {
      "module": "module.staging_environment",
      "mode": "data",
      "type": "google_container_engine_versions",
      "name": "container_engine_versions",
      "provider": "provider.google",
      "instances": [
        {
          "schema_version": 0,
          "attributes": {
            "default_cluster_version": "1.12.8-gke.10",
            "id": "2019-09-03 09:31:21.066896 +0000 UTC",
            "latest_master_version": "1.13.7-gke.24",
            "latest_node_version": "1.14.3-gke.11",
            "location": "europe-west1-b",
            "project": null,
            "region": null,
            "valid_master_versions": [
              "1.13.7-gke.24",
              "1.13.7-gke.19",
              "1.13.7-gke.8",
              "1.13.6-gke.13",
              "1.12.9-gke.15",
              "1.12.9-gke.13",
              "1.12.9-gke.7",
              "1.12.8-gke.12",
              "1.12.8-gke.10",
              "1.12.7-gke.26",
              "1.12.7-gke.25",
              "1.11.10-gke.6"
            ],
            "valid_node_versions": [
              "1.14.3-gke.11",
              "1.14.3-gke.10",
              "1.14.3-gke.9",
              "1.14.2-gke.9",
              "1.14.1-gke.5",
              "1.13.7-gke.24",
              "1.13.7-gke.19",
              "1.13.7-gke.15",
              "1.13.7-gke.8",
              "1.13.7-gke.0",
              "1.13.6-gke.13",
              "1.13.6-gke.6",
              "1.13.6-gke.5",
              "1.13.6-gke.0",
              "1.13.5-gke.10",
              "1.12.9-gke.15",
              "1.12.9-gke.13",
              "1.12.9-gke.10",
              "1.12.9-gke.7",
              "1.12.9-gke.3",
              "1.12.8-gke.12",
              "1.12.8-gke.10",
              "1.12.8-gke.7",
              "1.12.8-gke.6",
              "1.12.7-gke.26",
              "1.12.7-gke.25",
              "1.12.7-gke.24",
              "1.12.7-gke.22",
              "1.12.7-gke.21",
              "1.12.7-gke.17",
              "1.12.7-gke.10",
              "1.12.7-gke.7",
              "1.12.6-gke.11",
              "1.12.6-gke.10",
              "1.12.6-gke.7",
              "1.12.5-gke.10",
              "1.12.5-gke.5",
              "1.11.10-gke.6",
              "1.11.10-gke.5",
              "1.11.10-gke.4",
              "1.11.9-gke.13",
              "1.11.9-gke.8",
              "1.11.9-gke.5",
              "1.11.8-gke.10",
              "1.11.8-gke.6",
              "1.11.8-gke.5",
              "1.11.8-gke.4",
              "1.11.7-gke.18",
              "1.11.7-gke.12",
              "1.11.7-gke.6",
              "1.11.7-gke.4",
              "1.11.6-gke.16",
              "1.11.6-gke.11",
              "1.11.6-gke.6",
              "1.11.6-gke.3",
              "1.11.6-gke.2",
              "1.11.6-gke.0",
              "1.11.5-gke.5",
              "1.11.5-gke.4",
              "1.11.4-gke.13",
              "1.11.4-gke.12",
              "1.11.4-gke.8",
              "1.11.3-gke.24",
              "1.11.3-gke.23",
              "1.11.3-gke.18",
              "1.11.2-gke.26",
              "1.11.2-gke.25",
              "1.11.2-gke.20",
              "1.11.2-gke.18",
              "1.11.2-gke.15",
              "1.11.2-gke.9",
              "1.10.12-gke.14",
              "1.10.12-gke.9",
              "1.10.12-gke.7",
              "1.10.12-gke.1",
              "1.10.12-gke.0",
              "1.10.11-gke.1",
              "1.10.9-gke.7",
              "1.10.9-gke.5",
              "1.10.9-gke.3",
              "1.10.9-gke.0",
              "1.10.7-gke.13",
              "1.10.7-gke.11",
              "1.10.7-gke.9",
              "1.10.7-gke.6",
              "1.10.7-gke.2",
              "1.10.7-gke.1",
              "1.10.6-gke.13",
              "1.10.6-gke.11",
              "1.10.6-gke.9",
              "1.10.6-gke.6",
              "1.10.6-gke.4",
              "1.10.6-gke.3",
              "1.10.6-gke.2",
              "1.10.6-gke.1",
              "1.10.5-gke.4",
              "1.10.5-gke.3",
              "1.10.5-gke.2",
              "1.10.5-gke.0",
              "1.10.4-gke.3",
              "1.10.4-gke.2",
              "1.10.4-gke.0",
              "1.10.2-gke.4",
              "1.10.2-gke.3",
              "1.10.2-gke.1",
              "1.9.7-gke.11",
              "1.9.7-gke.7",
              "1.9.7-gke.6",
              "1.9.7-gke.5",
              "1.9.7-gke.4",
              "1.9.7-gke.3",
              "1.9.7-gke.1",
              "1.9.7-gke.0",
              "1.9.6-gke.2",
              "1.9.6-gke.1",
              "1.9.3-gke.0",
              "1.8.12-gke.3",
              "1.8.12-gke.2",
              "1.8.12-gke.1",
              "1.8.12-gke.0",
              "1.8.10-gke.2",
              "1.8.10-gke.0",
              "1.8.9-gke.1",
              "1.8.8-gke.0",
              "1.7.15-gke.0",
              "1.7.12-gke.2",
              "1.6.13-gke.1"
            ],
            "version_prefix": "1.",
            "zone": null
          }
        }
      ]
    },
    {
      "module": "module.staging_environment",
      "mode": "managed",
      "type": "google_compute_global_address",
      "name": "cloudsql",
      "provider": "provider.google",
      "instances": [
        {
          "schema_version": 0,
          "attributes": {
            "address": "172.26.0.0",
            "address_type": "INTERNAL",
            "creation_timestamp": "2019-08-27T05:32:08.134-07:00",
            "description": "",
            "id": "cloudsql-network-staging",
            "ip_version": "",
            "name": "cloudsql-network-staging",
            "network": "https://www.googleapis.com/compute/v1/projects/lehmann-tech/global/networks/staging",
            "prefix_length": 16,
            "project": "lehmann-tech",
            "purpose": "VPC_PEERING",
            "self_link": "https://www.googleapis.com/compute/v1/projects/lehmann-tech/global/addresses/cloudsql-network-staging",
            "timeouts": null
          },
          "private": "eyJlMmJmYjczMC1lY2FhLTExZTYtOGY4OC0zNDM2M2JjN2M0YzAiOnsiY3JlYXRlIjoyNDAwMDAwMDAwMDAsImRlbGV0ZSI6MjQwMDAwMDAwMDAwLCJ1cGRhdGUiOjI0MDAwMDAwMDAwMH19",
          "depends_on": [
            "google_compute_network.vpc_network"
          ]
        }
      ]
    },
    {
      "module": "module.staging_environment",
      "mode": "managed",
      "type": "google_compute_global_address",
      "name": "ip_address",
      "provider": "provider.google",
      "instances": [
        {
          "schema_version": 0,
          "attributes": {
            "address": "34.96.95.14",
            "address_type": "EXTERNAL",
            "creation_timestamp": "2019-08-15T13:15:57.224-07:00",
            "description": "",
            "id": "staging",
            "ip_version": "",
            "name": "staging",
            "network": "",
            "prefix_length": 0,
            "project": "lehmann-tech",
            "purpose": "",
            "self_link": "https://www.googleapis.com/compute/v1/projects/lehmann-tech/global/addresses/staging",
            "timeouts": null
          },
          "private": "eyJlMmJmYjczMC1lY2FhLTExZTYtOGY4OC0zNDM2M2JjN2M0YzAiOnsiY3JlYXRlIjoyNDAwMDAwMDAwMDAsImRlbGV0ZSI6MjQwMDAwMDAwMDAwfX0="
        }
      ]
    },
    {
      "module": "module.staging_environment",
      "mode": "managed",
      "type": "google_compute_network",
      "name": "vpc_network",
      "provider": "provider.google",
      "instances": [
        {
          "schema_version": 0,
          "attributes": {
            "auto_create_subnetworks": true,
            "delete_default_routes_on_create": false,
            "description": "",
            "gateway_ipv4": "",
            "id": "staging",
            "ipv4_range": "",
            "name": "staging",
            "project": "lehmann-tech",
            "routing_mode": "REGIONAL",
            "self_link": "https://www.googleapis.com/compute/v1/projects/lehmann-tech/global/networks/staging",
            "timeouts": null
          },
          "private": "eyJlMmJmYjczMC1lY2FhLTExZTYtOGY4OC0zNDM2M2JjN2M0YzAiOnsiY3JlYXRlIjoyNDAwMDAwMDAwMDAsImRlbGV0ZSI6MjQwMDAwMDAwMDAwLCJ1cGRhdGUiOjI0MDAwMDAwMDAwMH19"
        }
      ]
    },
    {
      "mode": "managed",
      "type": "google_compute_ssl_policy",
      "name": "ssl_policy",
      "provider": "provider.google",
      "instances": [
        {
          "schema_version": 0,
          "attributes": {
            "creation_timestamp": "2019-08-16T03:42:07.775-07:00",
            "custom_features": [],
            "description": "",
            "enabled_features": [
              "TLS_ECDHE_ECDSA_WITH_AES_128_CBC_SHA",
              "TLS_ECDHE_ECDSA_WITH_AES_128_GCM_SHA256",
              "TLS_ECDHE_ECDSA_WITH_AES_256_CBC_SHA",
              "TLS_ECDHE_ECDSA_WITH_AES_256_GCM_SHA384",
              "TLS_ECDHE_ECDSA_WITH_CHACHA20_POLY1305_SHA256",
              "TLS_ECDHE_RSA_WITH_AES_128_CBC_SHA",
              "TLS_ECDHE_RSA_WITH_AES_128_GCM_SHA256",
              "TLS_ECDHE_RSA_WITH_AES_256_CBC_SHA",
              "TLS_ECDHE_RSA_WITH_AES_256_GCM_SHA384",
              "TLS_ECDHE_RSA_WITH_CHACHA20_POLY1305_SHA256"
            ],
            "fingerprint": "C1a273SpEvg=",
            "id": "ssl-policy",
            "min_tls_version": "TLS_1_2",
            "name": "ssl-policy",
            "profile": "MODERN",
            "project": "lehmann-tech",
            "self_link": "https://www.googleapis.com/compute/v1/projects/lehmann-tech/global/sslPolicies/ssl-policy",
            "timeouts": null
          },
          "private": "eyJlMmJmYjczMC1lY2FhLTExZTYtOGY4OC0zNDM2M2JjN2M0YzAiOnsiY3JlYXRlIjoyNDAwMDAwMDAwMDAsImRlbGV0ZSI6MjQwMDAwMDAwMDAwLCJ1cGRhdGUiOjI0MDAwMDAwMDAwMH19"
        }
      ]
    },
    {
      "module": "module.staging_environment",
      "mode": "managed",
      "type": "google_container_cluster",
      "name": "container_cluster",
      "provider": "provider.google-beta",
      "instances": [
        {
          "schema_version": 1,
          "attributes": {
            "additional_zones": [],
            "addons_config": [
              {
                "cloudrun_config": [],
                "horizontal_pod_autoscaling": [],
                "http_load_balancing": [],
                "istio_config": [],
                "kubernetes_dashboard": [
                  {
                    "disabled": true
                  }
                ],
                "network_policy_config": [
                  {
                    "disabled": true
                  }
                ]
              }
            ],
            "authenticator_groups_config": [],
            "cluster_autoscaling": [
              {
                "enabled": false,
                "resource_limits": []
              }
            ],
            "cluster_ipv4_cidr": "10.36.0.0/14",
            "database_encryption": [
              {
                "key_name": "projects/lehmann-tech/locations/europe-west1/keyRings/staging/cryptoKeys/etcd-database-encryption-password",
                "state": "ENCRYPTED"
              }
            ],
            "default_max_pods_per_node": 110,
            "description": "",
            "enable_binary_authorization": false,
            "enable_intranode_visibility": false,
            "enable_kubernetes_alpha": false,
            "enable_legacy_abac": false,
            "enable_tpu": false,
            "endpoint": "35.233.6.124",
            "id": "staging",
            "initial_node_count": 1,
            "instance_group_urls": [
              "https://www.googleapis.com/compute/v1/projects/lehmann-tech/zones/europe-west1-b/instanceGroups/gke-staging-staging-node-pool-3fcbfdc2-grp"
            ],
            "ip_allocation_policy": [],
            "location": "europe-west1-b",
            "logging_service": "logging.googleapis.com",
            "maintenance_policy": [],
            "master_auth": [
              {
                "client_certificate": "",
                "client_certificate_config": [
                  {
                    "issue_client_certificate": false
                  }
                ],
                "client_key": "",
                "cluster_ca_certificate": "LS0tLS1CRUdJTiBDRVJUSUZJQ0FURS0tLS0tCk1JSURDekNDQWZPZ0F3SUJBZ0lRQ0hqOS9SbFJ1dnE0UmdWMUxoQkFRREFOQmdrcWhraUc5dzBCQVFzRkFEQXYKTVMwd0t3WURWUVFERXlRNE9USmhNRGRqTXkxa1lqQmxMVFF3TjJRdE9UaG1ZeTAwWVRGbU1qUm1aakE1WVdJdwpIaGNOTVRrd09ERTVNVEl6TmpJM1doY05NalF3T0RFM01UTXpOakkzV2pBdk1TMHdLd1lEVlFRREV5UTRPVEpoCk1EZGpNeTFrWWpCbExUUXdOMlF0T1RobVl5MDBZVEZtTWpSbVpqQTVZV0l3Z2dFaU1BMEdDU3FHU0liM0RRRUIKQVFVQUE0SUJEd0F3Z2dFS0FvSUJBUUMrOTcyWFY1cVMxc1R0YWpzNmJrWGNibTZWNkM2dk45MElEeW02aThaeQpNRDVPY1Y1OXNEUGgvdGEvcVRtaFNxaDBqNGxBV1hldkttLzdncXdjcEdhQmIxenFsNDhrWDg4dzA4TzF5MVZzCnBvcDNuUml6ZCt1Y1UxLzltME9mWVZXNXdlMkVSZUlhVmI1eENIY0lrMzRMSUVaVTdtTDJ1UUhmNHRnQ3A1cisKeUNJMW8yOWt3N0wrZXpLOHdRbW1qb21yV1BFQ0pqbFJGbmd0KzAvVmlDM014M0NTQklib0tNTDk0dDJsZWlqTAoyQmtKaFEzT1hvNVZGYkdJeEhjZnVVWXViZXExM3JEK292eDQyRWFsWFNTdDBrT2w2NVAzWXgxclFuZ04yQ1U5Cnd2Yk1BcnFRTGIxZDZ0T2xld1ZOc1QxRmtJNFZaNnBNUTFWY2VaNHFBV09uQWdNQkFBR2pJekFoTUE0R0ExVWQKRHdFQi93UUVBd0lDQkRBUEJnTlZIUk1CQWY4RUJUQURBUUgvTUEwR0NTcUdTSWIzRFFFQkN3VUFBNElCQVFDUQozN3dabGpsczdWc0YyTXNYc3lqSnRCUGhWQWNNNVhkM0RhM0crVzQwdjJLYi9lYWpyc0g4SnpaUmh2ZGhqakRyCklmb3JSNE5pakZYc1JaczRDRUNKeDY1MVZVTHVrYzNWc0xWWHdQekpjQXlpSVRqbDlVbnRlbXM3WFRpRTkyZm0KSU9qRzF0VnNHOGhqa0t3WVpnbGhXenhOWHVvQkdja2lEeWdROVZscXBaQ3ZpTjJWU0trQ2d0Zm5aQkcxY0JHbQpXZFphR05zTFo1K3JLekJPRkZWWW1mNXdXdVo2MzlFdHhYRS9BaFc1N3dXanV6cUxJRUsvVmpWb2VqL1ZjV2ZXCi9pcS80NG9rcjZvek52bE95K0k4TWlUa2QxSDFYa0lmU0tPZnN0d202cUY4WHBvM1V4VG5mWDBCK3RsYUdtdjUKaUR4OFZtT2NuTjc2MGJCTGZvMzEKLS0tLS1FTkQgQ0VSVElGSUNBVEUtLS0tLQo=",
                "password": "",
                "username": ""
              }
            ],
            "master_authorized_networks_config": [],
            "master_version": "1.13.7-gke.24",
            "min_master_version": "1.13.7-gke.24",
            "monitoring_service": "monitoring.googleapis.com",
            "name": "staging",
            "network": "projects/lehmann-tech/global/networks/staging",
            "network_policy": [
              {
                "enabled": false,
                "provider": "PROVIDER_UNSPECIFIED"
              }
            ],
            "node_config": [
              {
                "disk_size_gb": 100,
                "disk_type": "pd-standard",
                "guest_accelerator": [],
                "image_type": "COS",
                "labels": {},
                "local_ssd_count": 0,
                "machine_type": "n1-standard-1",
                "metadata": {
                  "disable-legacy-endpoints": "true"
                },
                "min_cpu_platform": "",
                "oauth_scopes": [
                  "https://www.googleapis.com/auth/cloud-platform",
                  "https://www.googleapis.com/auth/logging.write",
                  "https://www.googleapis.com/auth/monitoring"
                ],
                "preemptible": false,
                "sandbox_config": [],
                "service_account": "default",
                "tags": [],
                "taint": [],
                "workload_metadata_config": []
              }
            ],
            "node_locations": [],
            "node_pool": [
              {
                "autoscaling": [],
                "initial_node_count": 2,
                "instance_group_urls": [
                  "https://www.googleapis.com/compute/v1/projects/lehmann-tech/zones/europe-west1-b/instanceGroupManagers/gke-staging-staging-node-pool-3fcbfdc2-grp"
                ],
                "management": [
                  {
                    "auto_repair": false,
                    "auto_upgrade": false
                  }
                ],
                "max_pods_per_node": 0,
                "name": "staging-node-pool",
                "name_prefix": "",
                "node_config": [
                  {
                    "disk_size_gb": 100,
                    "disk_type": "pd-standard",
                    "guest_accelerator": [],
                    "image_type": "COS",
                    "labels": {},
                    "local_ssd_count": 0,
                    "machine_type": "n1-standard-1",
                    "metadata": {
                      "disable-legacy-endpoints": "true"
                    },
                    "min_cpu_platform": "",
                    "oauth_scopes": [
                      "https://www.googleapis.com/auth/cloud-platform",
                      "https://www.googleapis.com/auth/logging.write",
                      "https://www.googleapis.com/auth/monitoring"
                    ],
                    "preemptible": false,
                    "sandbox_config": [],
                    "service_account": "default",
                    "tags": [],
                    "taint": [],
                    "workload_metadata_config": []
                  }
                ],
                "node_count": 2,
                "version": "1.13.7-gke.24"
              }
            ],
            "node_version": "1.13.7-gke.24",
            "pod_security_policy_config": [],
            "private_cluster_config": [],
            "project": "lehmann-tech",
            "region": null,
            "remove_default_node_pool": true,
            "resource_labels": {},
            "resource_usage_export_config": [],
            "services_ipv4_cidr": "10.39.240.0/20",
            "subnetwork": "projects/lehmann-tech/regions/europe-west1/subnetworks/staging",
            "timeouts": null,
            "tpu_ipv4_cidr_block": "",
            "vertical_pod_autoscaling": [],
            "workload_identity_config": [],
            "zone": "europe-west1-b"
          },
          "private": "eyJlMmJmYjczMC1lY2FhLTExZTYtOGY4OC0zNDM2M2JjN2M0YzAiOnsiY3JlYXRlIjoxODAwMDAwMDAwMDAwLCJkZWxldGUiOjE4MDAwMDAwMDAwMDAsInVwZGF0ZSI6MzYwMDAwMDAwMDAwMH0sInNjaGVtYV92ZXJzaW9uIjoiMSJ9",
          "depends_on": [
            "data.google_container_engine_versions.container_engine_versions",
            "google_compute_network.vpc_network",
            "google_kms_crypto_key.kms_crypto_key_etcd_database_encryption_password"
          ]
        }
      ]
    },
    {
      "module": "module.staging_environment",
      "mode": "managed",
      "type": "google_container_node_pool",
      "name": "container_node_pool",
      "provider": "provider.google",
      "instances": [
        {
          "schema_version": 1,
          "attributes": {
            "autoscaling": [],
            "cluster": "staging",
            "id": "europe-west1-b/staging/staging-node-pool",
            "initial_node_count": 2,
            "instance_group_urls": [
              "https://www.googleapis.com/compute/v1/projects/lehmann-tech/zones/europe-west1-b/instanceGroupManagers/gke-staging-staging-node-pool-3fcbfdc2-grp"
            ],
            "location": "europe-west1-b",
            "management": [
              {
                "auto_repair": false,
                "auto_upgrade": false
              }
            ],
            "max_pods_per_node": null,
            "name": "staging-node-pool",
            "name_prefix": "",
            "node_config": [
              {
                "disk_size_gb": 100,
                "disk_type": "pd-standard",
                "guest_accelerator": [],
                "image_type": "COS",
                "labels": {},
                "local_ssd_count": 0,
                "machine_type": "n1-standard-1",
                "metadata": {
                  "disable-legacy-endpoints": "true"
                },
                "min_cpu_platform": "",
                "oauth_scopes": [
                  "https://www.googleapis.com/auth/cloud-platform",
                  "https://www.googleapis.com/auth/logging.write",
                  "https://www.googleapis.com/auth/monitoring"
                ],
                "preemptible": false,
                "sandbox_config": [],
                "service_account": "default",
                "tags": [],
                "taint": [],
                "workload_metadata_config": []
              }
            ],
            "node_count": 2,
            "project": "lehmann-tech",
            "region": null,
            "timeouts": null,
            "version": "1.13.7-gke.24",
            "zone": "europe-west1-b"
          },
          "private": "eyJlMmJmYjczMC1lY2FhLTExZTYtOGY4OC0zNDM2M2JjN2M0YzAiOnsiY3JlYXRlIjoxODAwMDAwMDAwMDAwLCJkZWxldGUiOjYwMDAwMDAwMDAwMCwidXBkYXRlIjo2MDAwMDAwMDAwMDB9LCJzY2hlbWFfdmVyc2lvbiI6IjEifQ==",
          "depends_on": [
            "data.google_container_engine_versions.container_engine_versions",
            "google_container_cluster.container_cluster"
          ]
        }
      ]
    },
    {
      "mode": "managed",
      "type": "google_dns_managed_zone",
      "name": "dns_zone_unwanted_fun",
      "provider": "provider.google",
      "instances": [
        {
          "schema_version": 0,
          "attributes": {
            "description": "Managed by Terraform",
            "dns_name": "unwanted.fun.",
            "dnssec_config": [],
            "id": "unwanted-fun",
            "labels": {},
            "name": "unwanted-fun",
            "name_servers": [
              "ns-cloud-e1.googledomains.com.",
              "ns-cloud-e2.googledomains.com.",
              "ns-cloud-e3.googledomains.com.",
              "ns-cloud-e4.googledomains.com."
            ],
            "private_visibility_config": [],
            "project": "lehmann-tech",
            "timeouts": {
              "create": null,
              "delete": null,
              "update": null
            },
            "visibility": "public"
          },
          "private": "eyJlMmJmYjczMC1lY2FhLTExZTYtOGY4OC0zNDM2M2JjN2M0YzAiOnsiY3JlYXRlIjoyNDAwMDAwMDAwMDAsImRlbGV0ZSI6MjQwMDAwMDAwMDAwLCJ1cGRhdGUiOjI0MDAwMDAwMDAwMH0sInNjaGVtYV92ZXJzaW9uIjoiMCJ9"
        }
      ]
    },
    {
      "module": "module.staging_environment",
      "mode": "managed",
      "type": "google_dns_record_set",
      "name": "dns_record_set_unwanted_fun",
      "provider": "provider.google",
      "instances": [
        {
          "schema_version": 0,
          "attributes": {
            "id": "unwanted-fun/staging.unwanted.fun./A",
            "managed_zone": "unwanted-fun",
            "name": "staging.unwanted.fun.",
            "project": "lehmann-tech",
            "rrdatas": [
              "34.96.95.14"
            ],
            "ttl": 300,
            "type": "A"
          },
          "private": "bnVsbA==",
          "depends_on": [
            "google_compute_global_address.ip_address",
            "google_dns_managed_zone.dns_zone_unwanted_fun"
          ]
        }
      ]
    },
    {
      "module": "module.staging_environment",
      "mode": "managed",
      "type": "google_kms_crypto_key",
      "name": "kms_crypto_key_etcd_database_encryption_password",
      "provider": "provider.google",
      "instances": [
        {
          "schema_version": 1,
          "attributes": {
            "id": "projects/lehmann-tech/locations/europe-west1/keyRings/staging/cryptoKeys/etcd-database-encryption-password",
            "key_ring": "projects/lehmann-tech/locations/europe-west1/keyRings/staging",
            "labels": {},
            "name": "etcd-database-encryption-password",
            "purpose": "ENCRYPT_DECRYPT",
            "rotation_period": "",
            "self_link": "projects/lehmann-tech/locations/europe-west1/keyRings/staging/cryptoKeys/etcd-database-encryption-password",
            "timeouts": null,
            "version_template": [
              {
                "algorithm": "GOOGLE_SYMMETRIC_ENCRYPTION",
                "protection_level": "SOFTWARE"
              }
            ]
          },
          "private": "eyJlMmJmYjczMC1lY2FhLTExZTYtOGY4OC0zNDM2M2JjN2M0YzAiOnsiY3JlYXRlIjoyNDAwMDAwMDAwMDAsImRlbGV0ZSI6MjQwMDAwMDAwMDAwLCJ1cGRhdGUiOjI0MDAwMDAwMDAwMH0sInNjaGVtYV92ZXJzaW9uIjoiMSJ9",
          "depends_on": [
            "google_kms_key_ring.kms_keyring"
          ]
        }
      ]
    },
    {
      "module": "module.staging_environment",
      "mode": "managed",
      "type": "google_kms_key_ring",
      "name": "kms_keyring",
      "provider": "provider.google",
      "instances": [
        {
          "schema_version": 0,
          "attributes": {
            "id": "projects/lehmann-tech/locations/europe-west1/keyRings/staging",
            "location": "europe-west1",
            "name": "staging",
            "project": "lehmann-tech",
            "self_link": "projects/lehmann-tech/locations/europe-west1/keyRings/staging",
            "timeouts": null
          },
          "private": "eyJlMmJmYjczMC1lY2FhLTExZTYtOGY4OC0zNDM2M2JjN2M0YzAiOnsiY3JlYXRlIjoyNDAwMDAwMDAwMDAsImRlbGV0ZSI6MjQwMDAwMDAwMDAwfX0="
        }
      ]
    },
    {
      "module": "module.staging_environment",
      "mode": "managed",
      "type": "google_service_networking_connection",
      "name": "cloudsql",
      "provider": "provider.google",
      "instances": [
        {
          "schema_version": 0,
          "attributes": {
            "id": "https%3A%2F%2Fwww.googleapis.com%2Fcompute%2Fv1%2Fprojects%2Flehmann-tech%2Fglobal%2Fnetworks%2Fstaging:servicenetworking.googleapis.com",
            "network": "https://www.googleapis.com/compute/v1/projects/lehmann-tech/global/networks/staging",
            "peering": "servicenetworking-googleapis-com",
            "reserved_peering_ranges": [
              "cloudsql-network-staging"
            ],
            "service": "servicenetworking.googleapis.com"
          },
          "private": "bnVsbA==",
          "depends_on": [
            "google_compute_global_address.cloudsql",
            "google_compute_network.vpc_network"
          ]
        }
      ]
    },
    {
      "module": "module.staging_environment",
      "mode": "managed",
      "type": "google_sql_database",
      "name": "core",
      "provider": "provider.google",
      "instances": [
        {
          "schema_version": 0,
          "attributes": {
            "charset": "UTF8",
            "collation": "en_US.UTF8",
            "id": "staging-db:core",
            "instance": "staging-db",
            "name": "core",
            "project": "lehmann-tech",
            "self_link": "https://www.googleapis.com/sql/v1beta4/projects/lehmann-tech/instances/staging-db/databases/core",
            "timeouts": {
              "create": null,
              "delete": null,
              "update": null
            }
          },
          "private": "eyJlMmJmYjczMC1lY2FhLTExZTYtOGY4OC0zNDM2M2JjN2M0YzAiOnsiY3JlYXRlIjo5MDAwMDAwMDAwMDAsImRlbGV0ZSI6NjAwMDAwMDAwMDAwLCJ1cGRhdGUiOjYwMDAwMDAwMDAwMH19",
          "depends_on": [
            "google_sql_database_instance.sql_instance"
          ]
        }
      ]
    },
    {
      "module": "module.staging_environment",
      "mode": "managed",
      "type": "google_sql_database_instance",
      "name": "sql_instance",
      "provider": "provider.google",
      "instances": [
        {
          "schema_version": 0,
          "attributes": {
            "connection_name": "lehmann-tech:europe-west1:staging-db",
            "database_version": "POSTGRES_9_6",
            "first_ip_address": "172.26.0.3",
            "id": "staging-db",
            "ip_address": [
              {
                "ip_address": "172.26.0.3",
                "time_to_retire": "",
                "type": "PRIVATE"
              }
            ],
            "master_instance_name": "",
            "name": "staging-db",
            "private_ip_address": "172.26.0.3",
            "project": "lehmann-tech",
            "public_ip_address": "",
            "region": "europe-west1",
            "replica_configuration": [],
            "self_link": "https://www.googleapis.com/sql/v1beta4/projects/lehmann-tech/instances/staging-db",
            "server_ca_cert": [
              {
                "cert": "-----BEGIN CERTIFICATE-----\nMIIDfzCCAmegAwIBAgIBADANBgkqhkiG9w0BAQsFADB3MS0wKwYDVQQuEyRjNThh\nZjdmMC04YWNmLTQzMjUtYWU0Ni1iNDQ0NzQxMzM5MDUxIzAhBgNVBAMTGkdvb2ds\nZSBDbG91ZCBTUUwgU2VydmVyIENBMRQwEgYDVQQKEwtHb29nbGUsIEluYzELMAkG\nA1UEBhMCVVMwHhcNMTkwODI3MTMzNDEzWhcNMjkwODI0MTMzNTEzWjB3MS0wKwYD\nVQQuEyRjNThhZjdmMC04YWNmLTQzMjUtYWU0Ni1iNDQ0NzQxMzM5MDUxIzAhBgNV\nBAMTGkdvb2dsZSBDbG91ZCBTUUwgU2VydmVyIENBMRQwEgYDVQQKEwtHb29nbGUs\nIEluYzELMAkGA1UEBhMCVVMwggEiMA0GCSqGSIb3DQEBAQUAA4IBDwAwggEKAoIB\nAQCHJUBZYzbMFCY1NfyKQZo23k85ILHmTMx4mZvfk5VlNczyJXqWNPY90qZLoHmw\nHCTEF3u5mvc7LWpcZR/0+LYts8hRyGgsPneT4PagYUCzJKYhI1FNFxdJfVnlPAuh\n1sNcm9nSofQQM7C6Ntn95tmKv1h4oGCpvA6wDV955gDa00Rii7KQoAVSMBt6dm0r\nUBa1sBbBIZgiRquwPINx6cbIh8P8o2w+5nauaVwnX7Snd/kkSbCYjoR29yqGDTvs\nvRaHjLDnhuuG5CdyDFQParuf51KkoE+iVdSIPHU7OoBX6I9738kDVYlkjqaZe7z+\nWFVT5phUptfUZkrK/p5s3fhNAgMBAAGjFjAUMBIGA1UdEwEB/wQIMAYBAf8CAQAw\nDQYJKoZIhvcNAQELBQADggEBAAQ1HBum/vl0xSBWCCco8U9LlL2qeGe5WRUNFost\nW+7fgoP6efYgpK2jaDTIQRAwvAMaTxM+CMAeCVD+cLa3uyeZbq/vizcCWV08jQ8N\nzBvBZ2+L50HvJEafQGoktY8I22mhk62mIhYzDNu9wc7Ayijk1QvfnJsiM/lwsgjc\nN20QJT9H4aNIpqn5SSTxWMi6F0CVuT5T2+W3APmcGJVOJRy81D039qxskPBbGMfI\nOR8Iej0zba7sTRKBawGRZwwXbMaPG9ld60u9tYWIrhHlGtClbgNz+PvcQH4r80PX\nrfVOBveBd2Q0ZfU146Z/A0FkGWdHBUyIQE9tryipt3zanHI=\n-----END CERTIFICATE-----",
                "common_name": "C=US,O=Google\\, Inc,CN=Google Cloud SQL Server CA,dnQualifier=c58af7f0-8acf-4325-ae46-b44474133905",
                "create_time": "2019-08-27T13:34:13.623Z",
                "expiration_time": "2029-08-24T13:35:13.623Z",
                "sha1_fingerprint": "492e684b89107421bd40aef436b43ceff968b079"
              }
            ],
            "service_account_email_address": "p70116470532-8sk4oq@gcp-sa-cloud-sql.iam.gserviceaccount.com",
            "settings": [
              {
                "activation_policy": "ALWAYS",
                "authorized_gae_applications": [],
                "availability_type": "ZONAL",
                "backup_configuration": [
                  {
                    "binary_log_enabled": false,
                    "enabled": true,
                    "start_time": "05:00"
                  }
                ],
                "crash_safe_replication": false,
                "database_flags": [],
                "disk_autoresize": true,
                "disk_size": 20,
                "disk_type": "PD_SSD",
                "ip_configuration": [
                  {
                    "authorized_networks": [],
                    "ipv4_enabled": false,
                    "private_network": "projects/lehmann-tech/global/networks/staging",
                    "require_ssl": false
                  }
                ],
                "location_preference": [
                  {
                    "follow_gae_application": "",
                    "zone": "europe-west1-b"
                  }
                ],
                "maintenance_window": [],
                "pricing_plan": "PER_USE",
                "replication_type": "SYNCHRONOUS",
                "tier": "db-custom-1-3840",
                "user_labels": {},
                "version": 1
              }
            ],
            "timeouts": null
          },
          "private": "eyJlMmJmYjczMC1lY2FhLTExZTYtOGY4OC0zNDM2M2JjN2M0YzAiOnsiY3JlYXRlIjoxMjAwMDAwMDAwMDAwLCJkZWxldGUiOjEyMDAwMDAwMDAwMDAsInVwZGF0ZSI6MTIwMDAwMDAwMDAwMH19",
          "depends_on": [
            "google_compute_network.vpc_network",
            "google_service_networking_connection.cloudsql"
          ]
        }
      ]
    },
    {
      "module": "module.staging_environment",
      "mode": "managed",
      "type": "google_sql_user",
      "name": "backend",
      "provider": "provider.google",
      "instances": [
        {
          "schema_version": 1,
          "attributes": {
            "host": "",
            "id": "backend//staging-db",
            "instance": "staging-db",
            "name": "backend",
            "password": "913892r89fjwda",
            "project": "lehmann-tech"
          },
          "private": "eyJzY2hlbWFfdmVyc2lvbiI6IjEifQ==",
          "depends_on": [
            "google_sql_database_instance.sql_instance"
          ]
        }
      ]
    }
  ]
}
