{
  "version": 4,
  "terraform_version": "0.12.6",
  "serial": 97,
  "lineage": "aa9c8869-dfd6-7726-4da3-d145f384a610",
  "outputs": {},
  "resources": [
    {
      "module": "module.dev_environment",
      "mode": "data",
      "type": "google_container_engine_versions",
      "name": "container_engine_versions",
      "provider": "provider.google",
      "instances": [
        {
          "schema_version": 0,
          "attributes": {
            "default_cluster_version": "1.12.8-gke.10",
            "id": "2019-08-19 13:53:14.492324 +0000 UTC",
            "latest_master_version": "1.13.7-gke.19",
            "latest_node_version": "1.13.7-gke.19",
            "location": null,
            "project": null,
            "region": null,
            "valid_master_versions": [
              "1.13.7-gke.19",
              "1.13.7-gke.8",
              "1.13.6-gke.13"
            ],
            "valid_node_versions": [
              "1.13.7-gke.19",
              "1.13.7-gke.15",
              "1.13.7-gke.8",
              "1.13.7-gke.0",
              "1.13.6-gke.13",
              "1.13.6-gke.6",
              "1.13.6-gke.5",
              "1.13.6-gke.0",
              "1.13.5-gke.10"
            ],
            "version_prefix": "1.13.",
            "zone": null
          }
        }
      ]
    },
    {
      "module": "module.prod_environment",
      "mode": "data",
      "type": "google_container_engine_versions",
      "name": "container_engine_versions",
      "provider": "provider.google",
      "instances": [
        {
          "schema_version": 0,
          "attributes": {
            "default_cluster_version": "1.12.8-gke.10",
            "id": "2019-08-19 13:53:14.491739 +0000 UTC",
            "latest_master_version": "1.13.7-gke.19",
            "latest_node_version": "1.13.7-gke.19",
            "location": null,
            "project": null,
            "region": null,
            "valid_master_versions": [
              "1.13.7-gke.19",
              "1.13.7-gke.8",
              "1.13.6-gke.13"
            ],
            "valid_node_versions": [
              "1.13.7-gke.19",
              "1.13.7-gke.15",
              "1.13.7-gke.8",
              "1.13.7-gke.0",
              "1.13.6-gke.13",
              "1.13.6-gke.6",
              "1.13.6-gke.5",
              "1.13.6-gke.0",
              "1.13.5-gke.10"
            ],
            "version_prefix": "1.13.",
            "zone": null
          }
        }
      ]
    },
    {
      "module": "module.staging_environment",
      "mode": "data",
      "type": "google_container_engine_versions",
      "name": "container_engine_versions",
      "provider": "provider.google",
      "instances": [
        {
          "schema_version": 0,
          "attributes": {
            "default_cluster_version": "1.12.8-gke.10",
            "id": "2019-08-19 13:53:14.495457 +0000 UTC",
            "latest_master_version": "1.13.7-gke.19",
            "latest_node_version": "1.13.7-gke.19",
            "location": null,
            "project": null,
            "region": null,
            "valid_master_versions": [
              "1.13.7-gke.19",
              "1.13.7-gke.8",
              "1.13.6-gke.13"
            ],
            "valid_node_versions": [
              "1.13.7-gke.19",
              "1.13.7-gke.15",
              "1.13.7-gke.8",
              "1.13.7-gke.0",
              "1.13.6-gke.13",
              "1.13.6-gke.6",
              "1.13.6-gke.5",
              "1.13.6-gke.0",
              "1.13.5-gke.10"
            ],
            "version_prefix": "1.13.",
            "zone": null
          }
        }
      ]
    },
    {
      "module": "module.dev_environment",
      "mode": "managed",
      "type": "google_compute_global_address",
      "name": "ip_address",
      "provider": "provider.google",
      "instances": [
        {
          "schema_version": 0,
          "attributes": {
            "address": "34.98.111.111",
            "address_type": "EXTERNAL",
            "creation_timestamp": "2019-08-16T13:42:34.555-07:00",
            "description": "",
            "id": "dev",
            "ip_version": "",
            "name": "dev",
            "network": "",
            "prefix_length": 0,
            "project": "lehmann-tech",
            "purpose": "",
            "self_link": "https://www.googleapis.com/compute/v1/projects/lehmann-tech/global/addresses/dev",
            "timeouts": null
          },
          "private": "eyJlMmJmYjczMC1lY2FhLTExZTYtOGY4OC0zNDM2M2JjN2M0YzAiOnsiY3JlYXRlIjoyNDAwMDAwMDAwMDAsImRlbGV0ZSI6MjQwMDAwMDAwMDAwfX0="
        }
      ]
    },
    {
      "module": "module.prod_environment",
      "mode": "managed",
      "type": "google_compute_global_address",
      "name": "ip_address",
      "provider": "provider.google",
      "instances": [
        {
          "schema_version": 0,
          "attributes": {
            "address": "35.244.198.249",
            "address_type": "EXTERNAL",
            "creation_timestamp": "2019-08-19T05:53:18.069-07:00",
            "description": "",
            "id": "prod",
            "ip_version": "",
            "name": "prod",
            "network": "",
            "prefix_length": 0,
            "project": "lehmann-tech",
            "purpose": "",
            "self_link": "https://www.googleapis.com/compute/v1/projects/lehmann-tech/global/addresses/prod",
            "timeouts": null
          },
          "private": "eyJlMmJmYjczMC1lY2FhLTExZTYtOGY4OC0zNDM2M2JjN2M0YzAiOnsiY3JlYXRlIjoyNDAwMDAwMDAwMDAsImRlbGV0ZSI6MjQwMDAwMDAwMDAwfX0="
        }
      ]
    },
    {
      "module": "module.staging_environment",
      "mode": "managed",
      "type": "google_compute_global_address",
      "name": "ip_address",
      "provider": "provider.google",
      "instances": [
        {
          "schema_version": 0,
          "attributes": {
            "address": "34.96.95.14",
            "address_type": "EXTERNAL",
            "creation_timestamp": "2019-08-15T13:15:57.224-07:00",
            "description": "",
            "id": "staging",
            "ip_version": "",
            "name": "staging",
            "network": "",
            "prefix_length": 0,
            "project": "lehmann-tech",
            "purpose": "",
            "self_link": "https://www.googleapis.com/compute/v1/projects/lehmann-tech/global/addresses/staging",
            "timeouts": null
          },
          "private": "eyJlMmJmYjczMC1lY2FhLTExZTYtOGY4OC0zNDM2M2JjN2M0YzAiOnsiY3JlYXRlIjoyNDAwMDAwMDAwMDAsImRlbGV0ZSI6MjQwMDAwMDAwMDAwfX0="
        }
      ]
    },
    {
      "module": "module.dev_environment",
      "mode": "managed",
      "type": "google_compute_network",
      "name": "vpc_network",
      "provider": "provider.google",
      "instances": [
        {
          "schema_version": 0,
          "attributes": {
            "auto_create_subnetworks": true,
            "delete_default_routes_on_create": false,
            "description": "",
            "gateway_ipv4": "",
            "id": "dev",
            "ipv4_range": "",
            "name": "dev",
            "project": "lehmann-tech",
            "routing_mode": "REGIONAL",
            "self_link": "https://www.googleapis.com/compute/v1/projects/lehmann-tech/global/networks/dev",
            "timeouts": null
          },
          "private": "eyJlMmJmYjczMC1lY2FhLTExZTYtOGY4OC0zNDM2M2JjN2M0YzAiOnsiY3JlYXRlIjoyNDAwMDAwMDAwMDAsImRlbGV0ZSI6MjQwMDAwMDAwMDAwLCJ1cGRhdGUiOjI0MDAwMDAwMDAwMH19"
        }
      ]
    },
    {
      "module": "module.prod_environment",
      "mode": "managed",
      "type": "google_compute_network",
      "name": "vpc_network",
      "provider": "provider.google",
      "instances": [
        {
          "schema_version": 0,
          "attributes": {
            "auto_create_subnetworks": true,
            "delete_default_routes_on_create": false,
            "description": "",
            "gateway_ipv4": "",
            "id": "prod",
            "ipv4_range": "",
            "name": "prod",
            "project": "lehmann-tech",
            "routing_mode": "REGIONAL",
            "self_link": "https://www.googleapis.com/compute/v1/projects/lehmann-tech/global/networks/prod",
            "timeouts": null
          },
          "private": "eyJlMmJmYjczMC1lY2FhLTExZTYtOGY4OC0zNDM2M2JjN2M0YzAiOnsiY3JlYXRlIjoyNDAwMDAwMDAwMDAsImRlbGV0ZSI6MjQwMDAwMDAwMDAwLCJ1cGRhdGUiOjI0MDAwMDAwMDAwMH19"
        }
      ]
    },
    {
      "module": "module.staging_environment",
      "mode": "managed",
      "type": "google_compute_network",
      "name": "vpc_network",
      "provider": "provider.google",
      "instances": [
        {
          "schema_version": 0,
          "attributes": {
            "auto_create_subnetworks": true,
            "delete_default_routes_on_create": false,
            "description": "",
            "gateway_ipv4": "",
            "id": "staging",
            "ipv4_range": "",
            "name": "staging",
            "project": "lehmann-tech",
            "routing_mode": "REGIONAL",
            "self_link": "https://www.googleapis.com/compute/v1/projects/lehmann-tech/global/networks/staging",
            "timeouts": null
          },
          "private": "eyJlMmJmYjczMC1lY2FhLTExZTYtOGY4OC0zNDM2M2JjN2M0YzAiOnsiY3JlYXRlIjoyNDAwMDAwMDAwMDAsImRlbGV0ZSI6MjQwMDAwMDAwMDAwLCJ1cGRhdGUiOjI0MDAwMDAwMDAwMH19"
        }
      ]
    },
    {
      "mode": "managed",
      "type": "google_compute_ssl_policy",
      "name": "ssl_policy",
      "provider": "provider.google",
      "instances": [
        {
          "schema_version": 0,
          "attributes": {
            "creation_timestamp": "2019-08-16T03:42:07.775-07:00",
            "custom_features": [],
            "description": "",
            "enabled_features": [
              "TLS_ECDHE_ECDSA_WITH_AES_128_CBC_SHA",
              "TLS_ECDHE_ECDSA_WITH_AES_128_GCM_SHA256",
              "TLS_ECDHE_ECDSA_WITH_AES_256_CBC_SHA",
              "TLS_ECDHE_ECDSA_WITH_AES_256_GCM_SHA384",
              "TLS_ECDHE_ECDSA_WITH_CHACHA20_POLY1305_SHA256",
              "TLS_ECDHE_RSA_WITH_AES_128_CBC_SHA",
              "TLS_ECDHE_RSA_WITH_AES_128_GCM_SHA256",
              "TLS_ECDHE_RSA_WITH_AES_256_CBC_SHA",
              "TLS_ECDHE_RSA_WITH_AES_256_GCM_SHA384",
              "TLS_ECDHE_RSA_WITH_CHACHA20_POLY1305_SHA256"
            ],
            "fingerprint": "C1a273SpEvg=",
            "id": "ssl-policy",
            "min_tls_version": "TLS_1_2",
            "name": "ssl-policy",
            "profile": "MODERN",
            "project": "lehmann-tech",
            "self_link": "https://www.googleapis.com/compute/v1/projects/lehmann-tech/global/sslPolicies/ssl-policy",
            "timeouts": null
          },
          "private": "eyJlMmJmYjczMC1lY2FhLTExZTYtOGY4OC0zNDM2M2JjN2M0YzAiOnsiY3JlYXRlIjoyNDAwMDAwMDAwMDAsImRlbGV0ZSI6MjQwMDAwMDAwMDAwLCJ1cGRhdGUiOjI0MDAwMDAwMDAwMH19"
        }
      ]
    },
    {
      "module": "module.dev_environment",
      "mode": "managed",
      "type": "google_container_cluster",
      "name": "container_cluster",
      "provider": "provider.google-beta",
      "instances": [
        {
          "schema_version": 1,
          "attributes": {
            "additional_zones": [],
            "addons_config": [
              {
                "cloudrun_config": [],
                "horizontal_pod_autoscaling": [],
                "http_load_balancing": [],
                "istio_config": [],
                "kubernetes_dashboard": [
                  {
                    "disabled": true
                  }
                ],
                "network_policy_config": [
                  {
                    "disabled": true
                  }
                ]
              }
            ],
            "authenticator_groups_config": [],
            "cluster_autoscaling": [
              {
                "enabled": false,
                "resource_limits": []
              }
            ],
            "cluster_ipv4_cidr": "10.40.0.0/14",
            "database_encryption": [
              {
                "key_name": "projects/lehmann-tech/locations/europe-west1/keyRings/dev/cryptoKeys/etcd-database-encryption-password",
                "state": "ENCRYPTED"
              }
            ],
            "default_max_pods_per_node": 110,
            "description": "",
            "enable_binary_authorization": false,
            "enable_intranode_visibility": false,
            "enable_kubernetes_alpha": false,
            "enable_legacy_abac": false,
            "enable_tpu": false,
            "endpoint": "146.148.126.102",
            "id": "dev",
            "initial_node_count": 1,
            "instance_group_urls": [],
            "ip_allocation_policy": [],
            "location": "europe-west1-c",
            "logging_service": "logging.googleapis.com",
            "maintenance_policy": [],
            "master_auth": [
              {
                "client_certificate": "",
                "client_certificate_config": [
                  {
                    "issue_client_certificate": false
                  }
                ],
                "client_key": "",
                "cluster_ca_certificate": "LS0tLS1CRUdJTiBDRVJUSUZJQ0FURS0tLS0tCk1JSURDekNDQWZPZ0F3SUJBZ0lRWDRrdlQvdHBVcmxXMGZJdi9va1E4VEFOQmdrcWhraUc5dzBCQVFzRkFEQXYKTVMwd0t3WURWUVFERXlSbFpHRmpabVl3T1MwMk1UTTNMVFF3WVRFdFlUQTBaaTA1WlRsaE9ERXdNMk0zTkRZdwpIaGNOTVRrd09ERTVNVEkxTXpRNFdoY05NalF3T0RFM01UTTFNelE0V2pBdk1TMHdLd1lEVlFRREV5UmxaR0ZqClptWXdPUzAyTVRNM0xUUXdZVEV0WVRBMFppMDVaVGxoT0RFd00yTTNORFl3Z2dFaU1BMEdDU3FHU0liM0RRRUIKQVFVQUE0SUJEd0F3Z2dFS0FvSUJBUUM4bzI1Y05XQytkeTl0YkVsYWFWZkdxTXJqeVZRTmFvM001Wnl0UXg1SwpTNWh4MkZ6Mi9hUlFaZjUrOWV1cDlRS1hDVVpyU3BVTGh2K3Z1aDRaMXdNMFhWWVczdlZMUnF3TDRhZXR0TDFXCkk2M1UvRTRFTnN1RWZ0eGFja3lXelgrREJzWWFDM1hMaFpRbWVtSFQrZDM2UlQ0cTZZMWIwQlljemxNcVNZcVkKWC81b0JDN2JoQVFEanZFTWMxTWZSMUg5QjRKSml4cmRlbmpFZ1VNbHFPMWdjQk9yYVJ0YVhtMzNmVEdUMUNUaApnRVQrZ0JGeEJCZko2dW1WV0xXR3pGcC94aG9CU2ZHQXhVcnRwZWNxM3Zacjc1cml4ZzFaVS81MGRqbUJRUlp4CkpmYWZxakVPODVVeHJwRDFwNlZQWW10L2MyT0craENwVmZHLzdmeG5tOGtMQWdNQkFBR2pJekFoTUE0R0ExVWQKRHdFQi93UUVBd0lDQkRBUEJnTlZIUk1CQWY4RUJUQURBUUgvTUEwR0NTcUdTSWIzRFFFQkN3VUFBNElCQVFBYQpCdGRpQVZJa0Y0OE1YK1p3Zk44cXdsMzdTVkFNQm5YeDBLMWdmT2cxU29ncEpORW1XSTBBTlZrWThlNXdBbTlMCldpVk12RytaZHJPTzFRWXJYNEtZMUNNYWdxUUF2WjdQeUJYN1huMk5HU0VXV2p5QU51c1RuTHZtM2ZDditlZWcKQVlrS2ZadUg2VUZ3Sm9rUVM3QzJBZE5pUElTOUJleHlCODVtZms3a29qblIycFJZTmlCZVBpU29PNENJTHhiOQpXWWQrNm1td2hZaHQzTGx0WkJjYTdGdFlvcXd3aTI2OS9qbCtMaCszTm1hWVJoMGJTRW1iWmxvWWRXTmhCSlJVCnk2SHVYbTFhMml0UWhQZXR3Q0RLSnNJLzJ0T3VUVFN4WnRuZXUzMTVodzBmbVRUc2V1RlJENFprTmk5Q3k3VncKTFVTbFJ5eDRtWjdka3M4cXNTWlMKLS0tLS1FTkQgQ0VSVElGSUNBVEUtLS0tLQo=",
                "password": "",
                "username": ""
              }
            ],
            "master_authorized_networks_config": [],
            "master_version": "1.13.7-gke.19",
            "min_master_version": "1.13.7-gke.19",
            "monitoring_service": "monitoring.googleapis.com",
            "name": "dev",
            "network": "projects/lehmann-tech/global/networks/dev",
            "network_policy": [
              {
                "enabled": false,
                "provider": "PROVIDER_UNSPECIFIED"
              }
            ],
            "node_config": [],
            "node_locations": [],
            "node_pool": [],
            "node_version": "1.13.7-gke.19",
            "pod_security_policy_config": [],
            "private_cluster_config": [],
            "project": "lehmann-tech",
            "region": null,
            "remove_default_node_pool": true,
            "resource_labels": null,
            "resource_usage_export_config": [],
            "services_ipv4_cidr": "10.43.240.0/20",
            "subnetwork": "projects/lehmann-tech/regions/europe-west1/subnetworks/dev",
            "timeouts": null,
            "tpu_ipv4_cidr_block": "",
            "vertical_pod_autoscaling": [],
            "workload_identity_config": [],
            "zone": "europe-west1-c"
          },
          "private": "eyJlMmJmYjczMC1lY2FhLTExZTYtOGY4OC0zNDM2M2JjN2M0YzAiOnsiY3JlYXRlIjoxODAwMDAwMDAwMDAwLCJkZWxldGUiOjE4MDAwMDAwMDAwMDAsInVwZGF0ZSI6MzYwMDAwMDAwMDAwMH0sInNjaGVtYV92ZXJzaW9uIjoiMSJ9",
          "depends_on": [
            "data.google_container_engine_versions.container_engine_versions",
            "google_compute_network.vpc_network",
            "google_kms_crypto_key.kms_crypto_key_etcd_database_encryption_password"
          ]
        }
      ]
    },
    {
      "module": "module.prod_environment",
      "mode": "managed",
      "type": "google_container_cluster",
      "name": "container_cluster",
      "provider": "provider.google-beta",
      "instances": [
        {
          "schema_version": 1,
          "attributes": {
            "additional_zones": [
              "europe-west1-b",
              "europe-west1-c",
              "europe-west1-d"
            ],
            "addons_config": [
              {
                "cloudrun_config": [],
                "horizontal_pod_autoscaling": [],
                "http_load_balancing": [],
                "istio_config": [],
                "kubernetes_dashboard": [
                  {
                    "disabled": true
                  }
                ],
                "network_policy_config": [
                  {
                    "disabled": true
                  }
                ]
              }
            ],
            "authenticator_groups_config": [],
            "cluster_autoscaling": [
              {
                "enabled": false,
                "resource_limits": []
              }
            ],
            "cluster_ipv4_cidr": "10.28.0.0/14",
            "database_encryption": [
              {
                "key_name": "projects/lehmann-tech/locations/europe-west1/keyRings/prod/cryptoKeys/etcd-database-encryption-password",
                "state": "ENCRYPTED"
              }
            ],
            "default_max_pods_per_node": 110,
            "description": "",
            "enable_binary_authorization": false,
            "enable_intranode_visibility": false,
            "enable_kubernetes_alpha": false,
            "enable_legacy_abac": false,
            "enable_tpu": false,
            "endpoint": "35.205.28.40",
            "id": "prod",
            "initial_node_count": 1,
            "instance_group_urls": [
              "https://www.googleapis.com/compute/v1/projects/lehmann-tech/zones/europe-west1-c/instanceGroups/gke-prod-prod-node-pool-62b8cc08-grp",
              "https://www.googleapis.com/compute/v1/projects/lehmann-tech/zones/europe-west1-b/instanceGroups/gke-prod-prod-node-pool-18c5931f-grp",
              "https://www.googleapis.com/compute/v1/projects/lehmann-tech/zones/europe-west1-d/instanceGroups/gke-prod-prod-node-pool-1a681289-grp"
            ],
            "ip_allocation_policy": [],
            "location": "europe-west1",
            "logging_service": "logging.googleapis.com",
            "maintenance_policy": [],
            "master_auth": [
              {
                "client_certificate": "",
                "client_certificate_config": [
                  {
                    "issue_client_certificate": false
                  }
                ],
                "client_key": "",
                "cluster_ca_certificate": "LS0tLS1CRUdJTiBDRVJUSUZJQ0FURS0tLS0tCk1JSURERENDQWZTZ0F3SUJBZ0lSQU0zTithaHpmL2laNm43U1JieDFTWWN3RFFZSktvWklodmNOQVFFTEJRQXcKTHpFdE1Dc0dBMVVFQXhNa1pUUTBOV1JrWVRNdE5qRXhPUzAwTjJRM0xXSmtPR1F0TnpnNU16SmtNR016TVRZegpNQjRYRFRFNU1EZ3hPVEV4TlRRd05sb1hEVEkwTURneE56RXlOVFF3Tmxvd0x6RXRNQ3NHQTFVRUF4TWtaVFEwCk5XUmtZVE10TmpFeE9TMDBOMlEzTFdKa09HUXROemc1TXpKa01HTXpNVFl6TUlJQklqQU5CZ2txaGtpRzl3MEIKQVFFRkFBT0NBUThBTUlJQkNnS0NBUUVBaVQwM1lOeisxWitMSVhabUVEN0Nnc3lmUC8zcGY3YTUzTzNEc3VKaAplWlFtRDJrN3loa1dydnRnNmxEcE5VbVBBUC9xZWJkdi9zTlBId3kzNGdNQjdjZ1JNeUNxd1MvTjZXSVgrVStQCjNUQnU2Q1dRSnhlY3pGV0phWDZDdG5GeVlnZ3dzTU9ML0NwWGFDaUZMZWpyVGFmK0ltbGgvN3JBMC8zb2I1WDIKOEVQN2haS1kwZDBGanczQ1A5ZHVLTFFQRUhIbTUrTGdJcHJvdGpLdUhhS0hhb1hqS0pmcDNKbzc5M0o4MEFnagpOazhFTEk2OWxleWdYdVgvRzZIam9yaW1ndDhsRmpLQUIrVk9ibjVBSmE3OVBoYjNjMzFJdVhxanltWm9abVd1ClJDQ2hoOGhJRW1nYmJZTHkrZDZLNkx3Z29vTFRtUEViT3Q2eWs2TXBLalB0M3dJREFRQUJveU13SVRBT0JnTlYKSFE4QkFmOEVCQU1DQWdRd0R3WURWUjBUQVFIL0JBVXdBd0VCL3pBTkJna3Foa2lHOXcwQkFRc0ZBQU9DQVFFQQpPdGVvT0xOLy9LMnU3ZlcxcDN5MnRKQ0RSWUhNay8yMjJ6cmYvaHJNc1ZmdGV6QnpRdk5oYmsxeHdPNmNtNUxqCngxNjJhSXpBaCtJNmRqdDdNclo1WkdHc1doZDZJZTBUU3QvcmZLb01jU09jOGZQRmt4TUdBNHprcUpmUGxQWlgKdDVMTGhQUjRJK1FpcmZkaERRYVBJOTByZ3hndnA2U1ZpN2YrMEE3NDhwY0gzcW9yaXhnanVwbzltOXpKU2dkQQo1UE9iQzZkNTNjeDV1a3h1R0pMK01TVmdleWNtbXY1UlJnTjJHeWRQZWdzaG1ONTZuT01YcytHMlpZZ2R3SDN6ClV4bWVQRDV6QTVqUm9QNFNSR3RBSWVWZU1jWGQ0OHVaUEJiVFhHR0pTMTVLd2hjRmpPcjBOZ01obWVoNWpubHQKUFZXQ1VkaTBZdTdnNnpGN2tabkgrQT09Ci0tLS0tRU5EIENFUlRJRklDQVRFLS0tLS0K",
                "password": "",
                "username": ""
              }
            ],
            "master_authorized_networks_config": [],
            "master_version": "1.13.7-gke.19",
            "min_master_version": "1.13.7-gke.19",
            "monitoring_service": "monitoring.googleapis.com",
            "name": "prod",
            "network": "projects/lehmann-tech/global/networks/prod",
            "network_policy": [
              {
                "enabled": false,
                "provider": "PROVIDER_UNSPECIFIED"
              }
            ],
            "node_config": [
              {
                "disk_size_gb": 100,
                "disk_type": "pd-standard",
                "guest_accelerator": [],
                "image_type": "COS",
                "labels": {},
                "local_ssd_count": 0,
                "machine_type": "n1-standard-1",
                "metadata": {
                  "disable-legacy-endpoints": "true"
                },
                "min_cpu_platform": "",
                "oauth_scopes": [
                  "https://www.googleapis.com/auth/cloud-platform",
                  "https://www.googleapis.com/auth/logging.write",
                  "https://www.googleapis.com/auth/monitoring"
                ],
                "preemptible": false,
                "sandbox_config": [],
                "service_account": "default",
                "tags": [],
                "taint": [],
                "workload_metadata_config": []
              }
            ],
            "node_locations": [
              "europe-west1-b",
              "europe-west1-c",
              "europe-west1-d"
            ],
            "node_pool": [
              {
                "autoscaling": [],
                "initial_node_count": 2,
                "instance_group_urls": [
                  "https://www.googleapis.com/compute/v1/projects/lehmann-tech/zones/europe-west1-c/instanceGroupManagers/gke-prod-prod-node-pool-62b8cc08-grp",
                  "https://www.googleapis.com/compute/v1/projects/lehmann-tech/zones/europe-west1-b/instanceGroupManagers/gke-prod-prod-node-pool-18c5931f-grp",
                  "https://www.googleapis.com/compute/v1/projects/lehmann-tech/zones/europe-west1-d/instanceGroupManagers/gke-prod-prod-node-pool-1a681289-grp"
                ],
                "management": [
                  {
                    "auto_repair": false,
                    "auto_upgrade": false
                  }
                ],
                "max_pods_per_node": 0,
                "name": "prod-node-pool",
                "name_prefix": "",
                "node_config": [
                  {
                    "disk_size_gb": 100,
                    "disk_type": "pd-standard",
                    "guest_accelerator": [],
                    "image_type": "COS",
                    "labels": {},
                    "local_ssd_count": 0,
                    "machine_type": "n1-standard-1",
                    "metadata": {
                      "disable-legacy-endpoints": "true"
                    },
                    "min_cpu_platform": "",
                    "oauth_scopes": [
                      "https://www.googleapis.com/auth/cloud-platform",
                      "https://www.googleapis.com/auth/logging.write",
                      "https://www.googleapis.com/auth/monitoring"
                    ],
                    "preemptible": false,
                    "sandbox_config": [],
                    "service_account": "default",
                    "tags": [],
                    "taint": [],
                    "workload_metadata_config": []
                  }
                ],
                "node_count": 2,
                "version": "1.13.7-gke.19"
              }
            ],
            "node_version": "1.13.7-gke.19",
            "pod_security_policy_config": [],
            "private_cluster_config": [],
            "project": "lehmann-tech",
            "region": "europe-west1",
            "remove_default_node_pool": true,
            "resource_labels": {},
            "resource_usage_export_config": [],
            "services_ipv4_cidr": "10.31.240.0/20",
            "subnetwork": "projects/lehmann-tech/regions/europe-west1/subnetworks/prod",
            "timeouts": null,
            "tpu_ipv4_cidr_block": "",
            "vertical_pod_autoscaling": [],
            "workload_identity_config": [],
            "zone": null
          },
          "private": "eyJlMmJmYjczMC1lY2FhLTExZTYtOGY4OC0zNDM2M2JjN2M0YzAiOnsiY3JlYXRlIjoxODAwMDAwMDAwMDAwLCJkZWxldGUiOjE4MDAwMDAwMDAwMDAsInVwZGF0ZSI6MzYwMDAwMDAwMDAwMH0sInNjaGVtYV92ZXJzaW9uIjoiMSJ9",
          "depends_on": [
            "data.google_container_engine_versions.container_engine_versions",
            "google_compute_network.vpc_network",
            "google_kms_crypto_key.kms_crypto_key_etcd_database_encryption_password"
          ]
        }
      ]
    },
    {
      "module": "module.staging_environment",
      "mode": "managed",
      "type": "google_container_cluster",
      "name": "container_cluster",
      "provider": "provider.google-beta",
      "instances": [
        {
          "schema_version": 1,
          "attributes": {
            "additional_zones": [],
            "addons_config": [
              {
                "cloudrun_config": [],
                "horizontal_pod_autoscaling": [],
                "http_load_balancing": [],
                "istio_config": [],
                "kubernetes_dashboard": [
                  {
                    "disabled": true
                  }
                ],
                "network_policy_config": [
                  {
                    "disabled": true
                  }
                ]
              }
            ],
            "authenticator_groups_config": [],
            "cluster_autoscaling": [
              {
                "enabled": false,
                "resource_limits": []
              }
            ],
            "cluster_ipv4_cidr": "10.36.0.0/14",
            "database_encryption": [
              {
                "key_name": "projects/lehmann-tech/locations/europe-west1/keyRings/staging/cryptoKeys/etcd-database-encryption-password",
                "state": "ENCRYPTED"
              }
            ],
            "default_max_pods_per_node": 110,
            "description": "",
            "enable_binary_authorization": false,
            "enable_intranode_visibility": false,
            "enable_kubernetes_alpha": false,
            "enable_legacy_abac": false,
            "enable_tpu": false,
            "endpoint": "35.233.6.124",
            "id": "staging",
            "initial_node_count": 1,
            "instance_group_urls": [
              "https://www.googleapis.com/compute/v1/projects/lehmann-tech/zones/europe-west1-b/instanceGroups/gke-staging-staging-node-pool-3fcbfdc2-grp"
            ],
            "ip_allocation_policy": [],
            "location": "europe-west1-b",
            "logging_service": "logging.googleapis.com",
            "maintenance_policy": [],
            "master_auth": [
              {
                "client_certificate": "",
                "client_certificate_config": [
                  {
                    "issue_client_certificate": false
                  }
                ],
                "client_key": "",
                "cluster_ca_certificate": "LS0tLS1CRUdJTiBDRVJUSUZJQ0FURS0tLS0tCk1JSURDekNDQWZPZ0F3SUJBZ0lRQ0hqOS9SbFJ1dnE0UmdWMUxoQkFRREFOQmdrcWhraUc5dzBCQVFzRkFEQXYKTVMwd0t3WURWUVFERXlRNE9USmhNRGRqTXkxa1lqQmxMVFF3TjJRdE9UaG1ZeTAwWVRGbU1qUm1aakE1WVdJdwpIaGNOTVRrd09ERTVNVEl6TmpJM1doY05NalF3T0RFM01UTXpOakkzV2pBdk1TMHdLd1lEVlFRREV5UTRPVEpoCk1EZGpNeTFrWWpCbExUUXdOMlF0T1RobVl5MDBZVEZtTWpSbVpqQTVZV0l3Z2dFaU1BMEdDU3FHU0liM0RRRUIKQVFVQUE0SUJEd0F3Z2dFS0FvSUJBUUMrOTcyWFY1cVMxc1R0YWpzNmJrWGNibTZWNkM2dk45MElEeW02aThaeQpNRDVPY1Y1OXNEUGgvdGEvcVRtaFNxaDBqNGxBV1hldkttLzdncXdjcEdhQmIxenFsNDhrWDg4dzA4TzF5MVZzCnBvcDNuUml6ZCt1Y1UxLzltME9mWVZXNXdlMkVSZUlhVmI1eENIY0lrMzRMSUVaVTdtTDJ1UUhmNHRnQ3A1cisKeUNJMW8yOWt3N0wrZXpLOHdRbW1qb21yV1BFQ0pqbFJGbmd0KzAvVmlDM014M0NTQklib0tNTDk0dDJsZWlqTAoyQmtKaFEzT1hvNVZGYkdJeEhjZnVVWXViZXExM3JEK292eDQyRWFsWFNTdDBrT2w2NVAzWXgxclFuZ04yQ1U5Cnd2Yk1BcnFRTGIxZDZ0T2xld1ZOc1QxRmtJNFZaNnBNUTFWY2VaNHFBV09uQWdNQkFBR2pJekFoTUE0R0ExVWQKRHdFQi93UUVBd0lDQkRBUEJnTlZIUk1CQWY4RUJUQURBUUgvTUEwR0NTcUdTSWIzRFFFQkN3VUFBNElCQVFDUQozN3dabGpsczdWc0YyTXNYc3lqSnRCUGhWQWNNNVhkM0RhM0crVzQwdjJLYi9lYWpyc0g4SnpaUmh2ZGhqakRyCklmb3JSNE5pakZYc1JaczRDRUNKeDY1MVZVTHVrYzNWc0xWWHdQekpjQXlpSVRqbDlVbnRlbXM3WFRpRTkyZm0KSU9qRzF0VnNHOGhqa0t3WVpnbGhXenhOWHVvQkdja2lEeWdROVZscXBaQ3ZpTjJWU0trQ2d0Zm5aQkcxY0JHbQpXZFphR05zTFo1K3JLekJPRkZWWW1mNXdXdVo2MzlFdHhYRS9BaFc1N3dXanV6cUxJRUsvVmpWb2VqL1ZjV2ZXCi9pcS80NG9rcjZvek52bE95K0k4TWlUa2QxSDFYa0lmU0tPZnN0d202cUY4WHBvM1V4VG5mWDBCK3RsYUdtdjUKaUR4OFZtT2NuTjc2MGJCTGZvMzEKLS0tLS1FTkQgQ0VSVElGSUNBVEUtLS0tLQo=",
                "password": "",
                "username": ""
              }
            ],
            "master_authorized_networks_config": [],
            "master_version": "1.13.7-gke.19",
            "min_master_version": "1.13.7-gke.19",
            "monitoring_service": "monitoring.googleapis.com",
            "name": "staging",
            "network": "projects/lehmann-tech/global/networks/staging",
            "network_policy": [
              {
                "enabled": false,
                "provider": "PROVIDER_UNSPECIFIED"
              }
            ],
            "node_config": [
              {
                "disk_size_gb": 100,
                "disk_type": "pd-standard",
                "guest_accelerator": [],
                "image_type": "COS",
                "labels": {},
                "local_ssd_count": 0,
                "machine_type": "n1-standard-1",
                "metadata": {
                  "disable-legacy-endpoints": "true"
                },
                "min_cpu_platform": "",
                "oauth_scopes": [
                  "https://www.googleapis.com/auth/cloud-platform",
                  "https://www.googleapis.com/auth/logging.write",
                  "https://www.googleapis.com/auth/monitoring"
                ],
                "preemptible": false,
                "sandbox_config": [],
                "service_account": "default",
                "tags": [],
                "taint": [],
                "workload_metadata_config": []
              }
            ],
            "node_locations": [],
            "node_pool": [
              {
                "autoscaling": [],
                "initial_node_count": 2,
                "instance_group_urls": [
                  "https://www.googleapis.com/compute/v1/projects/lehmann-tech/zones/europe-west1-b/instanceGroupManagers/gke-staging-staging-node-pool-3fcbfdc2-grp"
                ],
                "management": [
                  {
                    "auto_repair": false,
                    "auto_upgrade": false
                  }
                ],
                "max_pods_per_node": 0,
                "name": "staging-node-pool",
                "name_prefix": "",
                "node_config": [
                  {
                    "disk_size_gb": 100,
                    "disk_type": "pd-standard",
                    "guest_accelerator": [],
                    "image_type": "COS",
                    "labels": {},
                    "local_ssd_count": 0,
                    "machine_type": "n1-standard-1",
                    "metadata": {
                      "disable-legacy-endpoints": "true"
                    },
                    "min_cpu_platform": "",
                    "oauth_scopes": [
                      "https://www.googleapis.com/auth/cloud-platform",
                      "https://www.googleapis.com/auth/logging.write",
                      "https://www.googleapis.com/auth/monitoring"
                    ],
                    "preemptible": false,
                    "sandbox_config": [],
                    "service_account": "default",
                    "tags": [],
                    "taint": [],
                    "workload_metadata_config": []
                  }
                ],
                "node_count": 2,
                "version": "1.13.7-gke.19"
              }
            ],
            "node_version": "1.13.7-gke.19",
            "pod_security_policy_config": [],
            "private_cluster_config": [],
            "project": "lehmann-tech",
            "region": null,
            "remove_default_node_pool": true,
            "resource_labels": {},
            "resource_usage_export_config": [],
            "services_ipv4_cidr": "10.39.240.0/20",
            "subnetwork": "projects/lehmann-tech/regions/europe-west1/subnetworks/staging",
            "timeouts": null,
            "tpu_ipv4_cidr_block": "",
            "vertical_pod_autoscaling": [],
            "workload_identity_config": [],
            "zone": "europe-west1-b"
          },
          "private": "eyJlMmJmYjczMC1lY2FhLTExZTYtOGY4OC0zNDM2M2JjN2M0YzAiOnsiY3JlYXRlIjoxODAwMDAwMDAwMDAwLCJkZWxldGUiOjE4MDAwMDAwMDAwMDAsInVwZGF0ZSI6MzYwMDAwMDAwMDAwMH0sInNjaGVtYV92ZXJzaW9uIjoiMSJ9",
          "depends_on": [
            "data.google_container_engine_versions.container_engine_versions",
            "google_compute_network.vpc_network",
            "google_kms_crypto_key.kms_crypto_key_etcd_database_encryption_password"
          ]
        }
      ]
    },
    {
      "module": "module.dev_environment",
      "mode": "managed",
      "type": "google_container_node_pool",
      "name": "container_node_pool",
      "provider": "provider.google",
      "instances": [
        {
          "schema_version": 1,
          "attributes": {
            "autoscaling": [],
            "cluster": "dev",
            "id": "europe-west1-c/dev/dev-node-pool",
            "initial_node_count": 2,
            "instance_group_urls": [
              "https://www.googleapis.com/compute/v1/projects/lehmann-tech/zones/europe-west1-c/instanceGroupManagers/gke-dev-dev-node-pool-d0e32fdd-grp"
            ],
            "location": "europe-west1-c",
            "management": [
              {
                "auto_repair": false,
                "auto_upgrade": false
              }
            ],
            "max_pods_per_node": null,
            "name": "dev-node-pool",
            "name_prefix": "",
            "node_config": [
              {
                "disk_size_gb": 100,
                "disk_type": "pd-standard",
                "guest_accelerator": [],
                "image_type": "COS",
                "labels": {},
                "local_ssd_count": 0,
                "machine_type": "n1-standard-1",
                "metadata": {
                  "disable-legacy-endpoints": "true"
                },
                "min_cpu_platform": "",
                "oauth_scopes": [
                  "https://www.googleapis.com/auth/cloud-platform",
                  "https://www.googleapis.com/auth/logging.write",
                  "https://www.googleapis.com/auth/monitoring"
                ],
                "preemptible": false,
                "sandbox_config": [],
                "service_account": "default",
                "tags": null,
                "taint": [],
                "workload_metadata_config": []
              }
            ],
            "node_count": 2,
            "project": "lehmann-tech",
            "region": null,
            "timeouts": null,
            "version": "1.13.7-gke.19",
            "zone": "europe-west1-c"
          },
          "private": "eyJlMmJmYjczMC1lY2FhLTExZTYtOGY4OC0zNDM2M2JjN2M0YzAiOnsiY3JlYXRlIjoxODAwMDAwMDAwMDAwLCJkZWxldGUiOjYwMDAwMDAwMDAwMCwidXBkYXRlIjo2MDAwMDAwMDAwMDB9LCJzY2hlbWFfdmVyc2lvbiI6IjEifQ==",
          "depends_on": [
            "data.google_container_engine_versions.container_engine_versions",
            "google_container_cluster.container_cluster"
          ]
        }
      ]
    },
    {
      "module": "module.prod_environment",
      "mode": "managed",
      "type": "google_container_node_pool",
      "name": "container_node_pool",
      "provider": "provider.google",
      "instances": [
        {
          "schema_version": 1,
          "attributes": {
            "autoscaling": [],
            "cluster": "prod",
            "id": "europe-west1/prod/prod-node-pool",
            "initial_node_count": 2,
            "instance_group_urls": [
              "https://www.googleapis.com/compute/v1/projects/lehmann-tech/zones/europe-west1-c/instanceGroupManagers/gke-prod-prod-node-pool-62b8cc08-grp",
              "https://www.googleapis.com/compute/v1/projects/lehmann-tech/zones/europe-west1-b/instanceGroupManagers/gke-prod-prod-node-pool-18c5931f-grp",
              "https://www.googleapis.com/compute/v1/projects/lehmann-tech/zones/europe-west1-d/instanceGroupManagers/gke-prod-prod-node-pool-1a681289-grp"
            ],
            "location": "europe-west1",
            "management": [
              {
                "auto_repair": false,
                "auto_upgrade": false
              }
            ],
            "max_pods_per_node": null,
            "name": "prod-node-pool",
            "name_prefix": "",
            "node_config": [
              {
                "disk_size_gb": 100,
                "disk_type": "pd-standard",
                "guest_accelerator": [],
                "image_type": "COS",
                "labels": {},
                "local_ssd_count": 0,
                "machine_type": "n1-standard-1",
                "metadata": {
                  "disable-legacy-endpoints": "true"
                },
                "min_cpu_platform": "",
                "oauth_scopes": [
                  "https://www.googleapis.com/auth/cloud-platform",
                  "https://www.googleapis.com/auth/logging.write",
                  "https://www.googleapis.com/auth/monitoring"
                ],
                "preemptible": false,
                "sandbox_config": [],
                "service_account": "default",
                "tags": [],
                "taint": [],
                "workload_metadata_config": []
              }
            ],
            "node_count": 2,
            "project": "lehmann-tech",
            "region": "europe-west1",
            "timeouts": null,
            "version": "1.13.7-gke.19",
            "zone": null
          },
          "private": "eyJlMmJmYjczMC1lY2FhLTExZTYtOGY4OC0zNDM2M2JjN2M0YzAiOnsiY3JlYXRlIjoxODAwMDAwMDAwMDAwLCJkZWxldGUiOjYwMDAwMDAwMDAwMCwidXBkYXRlIjo2MDAwMDAwMDAwMDB9LCJzY2hlbWFfdmVyc2lvbiI6IjEifQ==",
          "depends_on": [
            "data.google_container_engine_versions.container_engine_versions",
            "google_container_cluster.container_cluster"
          ]
        }
      ]
    },
    {
      "module": "module.staging_environment",
      "mode": "managed",
      "type": "google_container_node_pool",
      "name": "container_node_pool",
      "provider": "provider.google",
      "instances": [
        {
          "schema_version": 1,
          "attributes": {
            "autoscaling": [],
            "cluster": "staging",
            "id": "europe-west1-b/staging/staging-node-pool",
            "initial_node_count": 2,
            "instance_group_urls": [
              "https://www.googleapis.com/compute/v1/projects/lehmann-tech/zones/europe-west1-b/instanceGroupManagers/gke-staging-staging-node-pool-3fcbfdc2-grp"
            ],
            "location": "europe-west1-b",
            "management": [
              {
                "auto_repair": false,
                "auto_upgrade": false
              }
            ],
            "max_pods_per_node": null,
            "name": "staging-node-pool",
            "name_prefix": "",
            "node_config": [
              {
                "disk_size_gb": 100,
                "disk_type": "pd-standard",
                "guest_accelerator": [],
                "image_type": "COS",
                "labels": {},
                "local_ssd_count": 0,
                "machine_type": "n1-standard-1",
                "metadata": {
                  "disable-legacy-endpoints": "true"
                },
                "min_cpu_platform": "",
                "oauth_scopes": [
                  "https://www.googleapis.com/auth/cloud-platform",
                  "https://www.googleapis.com/auth/logging.write",
                  "https://www.googleapis.com/auth/monitoring"
                ],
                "preemptible": false,
                "sandbox_config": [],
                "service_account": "default",
                "tags": [],
                "taint": [],
                "workload_metadata_config": []
              }
            ],
            "node_count": 2,
            "project": "lehmann-tech",
            "region": null,
            "timeouts": null,
            "version": "1.13.7-gke.19",
            "zone": "europe-west1-b"
          },
          "private": "eyJlMmJmYjczMC1lY2FhLTExZTYtOGY4OC0zNDM2M2JjN2M0YzAiOnsiY3JlYXRlIjoxODAwMDAwMDAwMDAwLCJkZWxldGUiOjYwMDAwMDAwMDAwMCwidXBkYXRlIjo2MDAwMDAwMDAwMDB9LCJzY2hlbWFfdmVyc2lvbiI6IjEifQ==",
          "depends_on": [
            "data.google_container_engine_versions.container_engine_versions",
            "google_container_cluster.container_cluster"
          ]
        }
      ]
    },
    {
      "mode": "managed",
      "type": "google_dns_managed_zone",
      "name": "dns_zone_unwanted_fun",
      "provider": "provider.google",
      "instances": [
        {
          "schema_version": 0,
          "attributes": {
            "description": "Managed by Terraform",
            "dns_name": "unwanted.fun.",
            "dnssec_config": [],
            "id": "unwanted-fun",
            "labels": {},
            "name": "unwanted-fun",
            "name_servers": [
              "ns-cloud-e1.googledomains.com.",
              "ns-cloud-e2.googledomains.com.",
              "ns-cloud-e3.googledomains.com.",
              "ns-cloud-e4.googledomains.com."
            ],
            "private_visibility_config": [],
            "project": "lehmann-tech",
            "timeouts": null,
            "visibility": "public"
          },
          "private": "eyJlMmJmYjczMC1lY2FhLTExZTYtOGY4OC0zNDM2M2JjN2M0YzAiOnsiY3JlYXRlIjoyNDAwMDAwMDAwMDAsImRlbGV0ZSI6MjQwMDAwMDAwMDAwLCJ1cGRhdGUiOjI0MDAwMDAwMDAwMH19"
        }
      ]
    },
    {
      "module": "module.dev_environment",
      "mode": "managed",
      "type": "google_dns_record_set",
      "name": "dns_record_set_unwanted_fun",
      "provider": "provider.google",
      "instances": [
        {
          "schema_version": 0,
          "attributes": {
            "id": "unwanted-fun/dev.unwanted.fun./A",
            "managed_zone": "unwanted-fun",
            "name": "dev.unwanted.fun.",
            "project": "lehmann-tech",
            "rrdatas": [
              "34.98.111.111"
            ],
            "ttl": 300,
            "type": "A"
          },
          "private": "bnVsbA==",
          "depends_on": [
            "google_compute_global_address.ip_address",
            "google_dns_managed_zone.dns_zone_unwanted_fun"
          ]
        }
      ]
    },
    {
      "module": "module.prod_environment",
      "mode": "managed",
      "type": "google_dns_record_set",
      "name": "dns_record_set_unwanted_fun",
      "provider": "provider.google",
      "instances": [
        {
          "schema_version": 0,
          "attributes": {
            "id": "unwanted-fun/unwanted.fun./A",
            "managed_zone": "unwanted-fun",
            "name": "unwanted.fun.",
            "project": "lehmann-tech",
            "rrdatas": [
              "35.244.198.249"
            ],
            "ttl": 300,
            "type": "A"
          },
          "private": "bnVsbA==",
          "depends_on": [
            "google_compute_global_address.ip_address"
          ]
        }
      ]
    },
    {
      "module": "module.staging_environment",
      "mode": "managed",
      "type": "google_dns_record_set",
      "name": "dns_record_set_unwanted_fun",
      "provider": "provider.google",
      "instances": [
        {
          "schema_version": 0,
          "attributes": {
            "id": "unwanted-fun/staging.unwanted.fun./A",
            "managed_zone": "unwanted-fun",
            "name": "staging.unwanted.fun.",
            "project": "lehmann-tech",
            "rrdatas": [
              "34.96.95.14"
            ],
            "ttl": 300,
            "type": "A"
          },
          "private": "bnVsbA==",
          "depends_on": [
            "google_compute_global_address.ip_address",
            "google_dns_managed_zone.dns_zone_unwanted_fun"
          ]
        }
      ]
    },
    {
      "module": "module.dev_environment",
      "mode": "managed",
      "type": "google_kms_crypto_key",
      "name": "kms_crypto_key_etcd_database_encryption_password",
      "provider": "provider.google",
      "instances": [
        {
          "schema_version": 1,
          "attributes": {
            "id": "projects/lehmann-tech/locations/europe-west1/keyRings/dev/cryptoKeys/etcd-database-encryption-password",
            "key_ring": "projects/lehmann-tech/locations/europe-west1/keyRings/dev",
            "labels": {},
            "name": "etcd-database-encryption-password",
            "purpose": "ENCRYPT_DECRYPT",
            "rotation_period": "",
            "self_link": "projects/lehmann-tech/locations/europe-west1/keyRings/dev/cryptoKeys/etcd-database-encryption-password",
            "timeouts": null,
            "version_template": [
              {
                "algorithm": "GOOGLE_SYMMETRIC_ENCRYPTION",
                "protection_level": "SOFTWARE"
              }
            ]
          },
          "private": "eyJlMmJmYjczMC1lY2FhLTExZTYtOGY4OC0zNDM2M2JjN2M0YzAiOnsiY3JlYXRlIjoyNDAwMDAwMDAwMDAsImRlbGV0ZSI6MjQwMDAwMDAwMDAwLCJ1cGRhdGUiOjI0MDAwMDAwMDAwMH0sInNjaGVtYV92ZXJzaW9uIjoiMSJ9",
          "depends_on": [
            "google_kms_key_ring.kms_keyring"
          ]
        }
      ]
    },
    {
      "module": "module.prod_environment",
      "mode": "managed",
      "type": "google_kms_crypto_key",
      "name": "kms_crypto_key_etcd_database_encryption_password",
      "provider": "provider.google",
      "instances": [
        {
          "schema_version": 1,
          "attributes": {
            "id": "projects/lehmann-tech/locations/europe-west1/keyRings/prod/cryptoKeys/etcd-database-encryption-password",
            "key_ring": "projects/lehmann-tech/locations/europe-west1/keyRings/prod",
            "labels": {},
            "name": "etcd-database-encryption-password",
            "purpose": "ENCRYPT_DECRYPT",
            "rotation_period": "",
            "self_link": "projects/lehmann-tech/locations/europe-west1/keyRings/prod/cryptoKeys/etcd-database-encryption-password",
            "timeouts": null,
            "version_template": [
              {
                "algorithm": "GOOGLE_SYMMETRIC_ENCRYPTION",
                "protection_level": "SOFTWARE"
              }
            ]
          },
          "private": "eyJlMmJmYjczMC1lY2FhLTExZTYtOGY4OC0zNDM2M2JjN2M0YzAiOnsiY3JlYXRlIjoyNDAwMDAwMDAwMDAsImRlbGV0ZSI6MjQwMDAwMDAwMDAwLCJ1cGRhdGUiOjI0MDAwMDAwMDAwMH0sInNjaGVtYV92ZXJzaW9uIjoiMSJ9",
          "depends_on": [
            "google_kms_key_ring.kms_keyring"
          ]
        }
      ]
    },
    {
      "module": "module.staging_environment",
      "mode": "managed",
      "type": "google_kms_crypto_key",
      "name": "kms_crypto_key_etcd_database_encryption_password",
      "provider": "provider.google",
      "instances": [
        {
          "schema_version": 1,
          "attributes": {
            "id": "projects/lehmann-tech/locations/europe-west1/keyRings/staging/cryptoKeys/etcd-database-encryption-password",
            "key_ring": "projects/lehmann-tech/locations/europe-west1/keyRings/staging",
            "labels": {},
            "name": "etcd-database-encryption-password",
            "purpose": "ENCRYPT_DECRYPT",
            "rotation_period": "",
            "self_link": "projects/lehmann-tech/locations/europe-west1/keyRings/staging/cryptoKeys/etcd-database-encryption-password",
            "timeouts": null,
            "version_template": [
              {
                "algorithm": "GOOGLE_SYMMETRIC_ENCRYPTION",
                "protection_level": "SOFTWARE"
              }
            ]
          },
          "private": "eyJlMmJmYjczMC1lY2FhLTExZTYtOGY4OC0zNDM2M2JjN2M0YzAiOnsiY3JlYXRlIjoyNDAwMDAwMDAwMDAsImRlbGV0ZSI6MjQwMDAwMDAwMDAwLCJ1cGRhdGUiOjI0MDAwMDAwMDAwMH0sInNjaGVtYV92ZXJzaW9uIjoiMSJ9",
          "depends_on": [
            "google_kms_key_ring.kms_keyring"
          ]
        }
      ]
    },
    {
      "module": "module.dev_environment",
      "mode": "managed",
      "type": "google_kms_key_ring",
      "name": "kms_keyring",
      "provider": "provider.google",
      "instances": [
        {
          "schema_version": 0,
          "attributes": {
            "id": "projects/lehmann-tech/locations/europe-west1/keyRings/dev",
            "location": "europe-west1",
            "name": "dev",
            "project": "lehmann-tech",
            "self_link": "projects/lehmann-tech/locations/europe-west1/keyRings/dev",
            "timeouts": null
          },
          "private": "eyJlMmJmYjczMC1lY2FhLTExZTYtOGY4OC0zNDM2M2JjN2M0YzAiOnsiY3JlYXRlIjoyNDAwMDAwMDAwMDAsImRlbGV0ZSI6MjQwMDAwMDAwMDAwfX0="
        }
      ]
    },
    {
      "module": "module.prod_environment",
      "mode": "managed",
      "type": "google_kms_key_ring",
      "name": "kms_keyring",
      "provider": "provider.google",
      "instances": [
        {
          "schema_version": 0,
          "attributes": {
            "id": "projects/lehmann-tech/locations/europe-west1/keyRings/prod",
            "location": "europe-west1",
            "name": "prod",
            "project": "lehmann-tech",
            "self_link": "projects/lehmann-tech/locations/europe-west1/keyRings/prod",
            "timeouts": null
          },
          "private": "eyJlMmJmYjczMC1lY2FhLTExZTYtOGY4OC0zNDM2M2JjN2M0YzAiOnsiY3JlYXRlIjoyNDAwMDAwMDAwMDAsImRlbGV0ZSI6MjQwMDAwMDAwMDAwfX0="
        }
      ]
    },
    {
      "module": "module.staging_environment",
      "mode": "managed",
      "type": "google_kms_key_ring",
      "name": "kms_keyring",
      "provider": "provider.google",
      "instances": [
        {
          "schema_version": 0,
          "attributes": {
            "id": "projects/lehmann-tech/locations/europe-west1/keyRings/staging",
            "location": "europe-west1",
            "name": "staging",
            "project": "lehmann-tech",
            "self_link": "projects/lehmann-tech/locations/europe-west1/keyRings/staging",
            "timeouts": null
          },
          "private": "eyJlMmJmYjczMC1lY2FhLTExZTYtOGY4OC0zNDM2M2JjN2M0YzAiOnsiY3JlYXRlIjoyNDAwMDAwMDAwMDAsImRlbGV0ZSI6MjQwMDAwMDAwMDAwfX0="
        }
      ]
    }
  ]
}
